
Microsoft Visual Studio Solution File, Format Version 12.00
# Visual Studio Version 18
VisualStudioVersion = 18.0.11109.219
MinimumVisualStudioVersion = 10.0.40219.1
Project("{2150E333-8FDC-42A3-9474-1A3956D46DE8}") = "Core", "Core", "{02EA681E-C7D8-13C7-8484-4AC65E1B71E8}"
EndProject
Project("{2150E333-8FDC-42A3-9474-1A3956D46DE8}") = "Adapters", "Adapters", "{E66A6BC7-F8E2-461F-8BE0-D35A7479B3BC}"
EndProject
Project("{FAE04EC0-301F-11D3-BF4B-00C04F79EFBC}") = "VeloxDev.Core", "VeloxDev.Core\VeloxDev.Core.csproj", "{D161B5D6-2B2E-FC9E-6815-B592F8F403F2}"
EndProject
Project("{FAE04EC0-301F-11D3-BF4B-00C04F79EFBC}") = "VeloxDev.WPF", "VeloxDev.WPF\VeloxDev.WPF.csproj", "{E64DB6B6-B532-28CA-802B-E62418FD0891}"
EndProject
Project("{FAE04EC0-301F-11D3-BF4B-00C04F79EFBC}") = "VeloxDev.Avalonia", "VeloxDev.Avalonia\VeloxDev.Avalonia.csproj", "{54C9AFD2-1FE3-4D1F-B2EF-212AF2A90F36}"
EndProject
Project("{FAE04EC0-301F-11D3-BF4B-00C04F79EFBC}") = "VeloxDev.MAUI", "VeloxDev.MAUI\VeloxDev.MAUI.csproj", "{AF665DBA-A076-4D9C-88BA-45F9A1D453D6}"
EndProject
Project("{FAE04EC0-301F-11D3-BF4B-00C04F79EFBC}") = "VeloxDev.WPF.Generator", "VeloxDev.WPF.Generator\VeloxDev.WPF.Generator.csproj", "{D627272D-7BC6-47A9-98BF-0469D9E0108D}"
EndProject
Project("{FAE04EC0-301F-11D3-BF4B-00C04F79EFBC}") = "VeloxDev.MAUI.Generator", "VeloxDev.MAUI.Generator\VeloxDev.MAUI.Generator.csproj", "{8CA0E805-165A-42DF-9E83-38C73852C2EE}"
EndProject
Project("{FAE04EC0-301F-11D3-BF4B-00C04F79EFBC}") = "VeloxDev.Avalonia.Generator", "VeloxDev.Avalonia.Generator\VeloxDev.Avalonia.Generator.csproj", "{3DCC8505-CBB3-44C7-B795-C92A50E56A0C}"
EndProject
Project("{FAE04EC0-301F-11D3-BF4B-00C04F79EFBC}") = "VeloxDev.Core.Generator", "VeloxDev.Core.Generator\VeloxDev.Core.Generator.csproj", "{8C949AD0-6A1B-40E4-B62D-322041DA394F}"
EndProject
Project("{2150E333-8FDC-42A3-9474-1A3956D46DE8}") = "Repository", "Repository", "{6529DD9D-394B-4368-AE8C-C86ABF8F927B}"
	ProjectSection(SolutionItems) = preProject
		.gitattributes = .gitattributes
		.gitignore = .gitignore
		LICENSE.txt = LICENSE.txt
		README.md = README.md
	EndProjectSection
EndProject
Project("{2150E333-8FDC-42A3-9474-1A3956D46DE8}") = "Examples", "Examples", "{1D597599-C810-4146-94E4-D98072031C0A}"
EndProject
Project("{2150E333-8FDC-42A3-9474-1A3956D46DE8}") = "SourceGenerators", "SourceGenerators", "{10D3CBB6-E5C6-4EF6-A1D4-4FAA8616DDED}"
EndProject
Project("{2150E333-8FDC-42A3-9474-1A3956D46DE8}") = "Platforms", "Platforms", "{120E678E-8209-4439-AFD8-C0487A471F58}"
EndProject
Project("{FAE04EC0-301F-11D3-BF4B-00C04F79EFBC}") = "VeloxDev.WinUI", "VeloxDev.WinUI\VeloxDev.WinUI.csproj", "{9B764FD0-5A24-0E17-E2FF-58D56D0EA1D7}"
EndProject
Project("{FAE04EC0-301F-11D3-BF4B-00C04F79EFBC}") = "VeloxDev.WinUI.Generator", "VeloxDev.WinUI.Generator\VeloxDev.WinUI.Generator.csproj", "{6984BA33-39AB-4204-AFD4-41923F4DC6F6}"
EndProject
Project("{2150E333-8FDC-42A3-9474-1A3956D46DE8}") = "MVVM", "MVVM", "{C6F0A511-43E3-421B-8A75-4D37F8BB11D1}"
EndProject
Project("{2150E333-8FDC-42A3-9474-1A3956D46DE8}") = "V2", "V2", "{04C42E5E-4F59-4830-8768-5102ED65DD35}"
EndProject
Project("{2150E333-8FDC-42A3-9474-1A3956D46DE8}") = "WPF", "WPF", "{8BD27D4E-FB99-419D-89C4-FC7CBEA81BDB}"
EndProject
Project("{2150E333-8FDC-42A3-9474-1A3956D46DE8}") = "Avalonia", "Avalonia", "{BFD78919-50E9-4398-ACE6-A6F33245E151}"
EndProject
Project("{FAE04EC0-301F-11D3-BF4B-00C04F79EFBC}") = "Demo", "Examples\MVVM\V2\Avalonia\Demo\Demo.csproj", "{67856DBD-6F7D-132C-C9B6-C6AE7B384850}"
EndProject
Project("{FAE04EC0-301F-11D3-BF4B-00C04F79EFBC}") = "Demo", "Examples\MVVM\V2\WPF\Demo\Demo.csproj", "{7F27088F-73E1-D199-1AE0-A830631BD934}"
EndProject
Project("{2150E333-8FDC-42A3-9474-1A3956D46DE8}") = "Workflow", "Workflow", "{9E1081DD-F1EE-41AB-912B-088DA658739C}"
EndProject
Project("{2150E333-8FDC-42A3-9474-1A3956D46DE8}") = "V2", "V2", "{D1E2FD5B-8282-4555-BC11-703D5C6BF15D}"
	ProjectSection(SolutionItems) = preProject
		Examples\Workflow\V2\README.md = Examples\Workflow\V2\README.md
	EndProjectSection
EndProject
Project("{2150E333-8FDC-42A3-9474-1A3956D46DE8}") = "V3", "V3", "{FB156758-A322-485E-A6D0-D7C925432DE9}"
	ProjectSection(SolutionItems) = preProject
		Examples\Workflow\V3\README.md = Examples\Workflow\V3\README.md
	EndProjectSection
EndProject
Project("{2150E333-8FDC-42A3-9474-1A3956D46DE8}") = "WPF", "WPF", "{F40C38C9-2550-4105-8502-D17D27C5DE57}"
EndProject
Project("{2150E333-8FDC-42A3-9474-1A3956D46DE8}") = "Avalonia", "Avalonia", "{FCB8B5EA-5526-4B07-9ADD-9BA49064DF21}"
EndProject
Project("{2150E333-8FDC-42A3-9474-1A3956D46DE8}") = "WPF", "WPF", "{896D2CD1-ED0D-4C8F-A135-66F733E01D65}"
EndProject
Project("{2150E333-8FDC-42A3-9474-1A3956D46DE8}") = "WinUI", "WinUI", "{613CA0C7-4C67-4D2F-B0BE-5D1EB3B09945}"
EndProject
Project("{FAE04EC0-301F-11D3-BF4B-00C04F79EFBC}") = "Demo", "Examples\Workflow\V2\Avalonia\Demo\Demo.csproj", "{C15CB9D1-42E3-2982-2FF7-31C5CB3A923E}"
EndProject
Project("{FAE04EC0-301F-11D3-BF4B-00C04F79EFBC}") = "Demo", "Examples\Workflow\V2\WPF\Demo\Demo.csproj", "{F425D262-A600-65CB-4F78-D5DF58882E9C}"
EndProject
Project("{2150E333-8FDC-42A3-9474-1A3956D46DE8}") = "AOTReflection", "AOTReflection", "{01CDDF13-A89A-4997-BA30-5BCFB54C1C40}"
EndProject
Project("{2150E333-8FDC-42A3-9474-1A3956D46DE8}") = "MonoBehaviour", "MonoBehaviour", "{DC859CF4-C0A1-43D0-A06E-6CA08D7A2611}"
EndProject
Project("{2150E333-8FDC-42A3-9474-1A3956D46DE8}") = "AOP", "AOP", "{4A8C7C14-881D-4024-92A5-814429878393}"
EndProject
Project("{2150E333-8FDC-42A3-9474-1A3956D46DE8}") = "Transition", "Transition", "{73C2C4E1-D33C-491C-ACB5-CE51E48BDDC1}"
EndProject
Project("{2150E333-8FDC-42A3-9474-1A3956D46DE8}") = "Theme", "Theme", "{CB011E80-0F96-4EBE-8872-1C7903FBBF72}"
EndProject
Project("{2150E333-8FDC-42A3-9474-1A3956D46DE8}") = "V2", "V2", "{4C513300-A15F-49CE-B501-4A6F1D564BE8}"
EndProject
Project("{2150E333-8FDC-42A3-9474-1A3956D46DE8}") = "WPF", "WPF", "{2E03DFB6-2EB4-43C0-B6B3-B7B45DFAF7BC}"
EndProject
Project("{2150E333-8FDC-42A3-9474-1A3956D46DE8}") = "Avalonia", "Avalonia", "{0CBFE543-336C-4185-8186-8708A8104540}"
EndProject
Project("{2150E333-8FDC-42A3-9474-1A3956D46DE8}") = "V2", "V2", "{911A3A15-2EF7-4E6C-A200-ADB8A69911FC}"
EndProject
Project("{2150E333-8FDC-42A3-9474-1A3956D46DE8}") = "V2", "V2", "{42D7B7C3-73CE-430D-A99F-99FB6203558E}"
EndProject
Project("{2150E333-8FDC-42A3-9474-1A3956D46DE8}") = "V2", "V2", "{AFBBB646-8F48-4442-A818-FF2EAD611B05}"
EndProject
Project("{FAE04EC0-301F-11D3-BF4B-00C04F79EFBC}") = "Demo", "Examples\AOP\V2\Avalonia\Demo\Demo.csproj", "{A73D730B-2CFB-B91D-5B95-30A5A2A744FE}"
EndProject
Project("{FAE04EC0-301F-11D3-BF4B-00C04F79EFBC}") = "Demo", "Examples\AOP\V2\WPF\Demo\Demo.csproj", "{4D999EE8-99A6-8815-F574-321EC55DEB16}"
EndProject
Project("{2150E333-8FDC-42A3-9474-1A3956D46DE8}") = "WPF", "WPF", "{3D59A544-227F-4309-A0ED-208076D73475}"
EndProject
Project("{2150E333-8FDC-42A3-9474-1A3956D46DE8}") = "Avalonia", "Avalonia", "{62630EF4-3BED-428F-882B-DF331EECC5DF}"
EndProject
Project("{FAE04EC0-301F-11D3-BF4B-00C04F79EFBC}") = "Demo", "Examples\MonoBehaviour\V2\Avalonia\Demo\Demo.csproj", "{8476C36E-564C-7F0D-C7D2-9C5EEAF5B34B}"
EndProject
Project("{FAE04EC0-301F-11D3-BF4B-00C04F79EFBC}") = "Demo", "Examples\MonoBehaviour\V2\WPF\Demo\Demo.csproj", "{DA1F59C5-A240-0BC3-0717-659361306035}"
EndProject
Project("{FAE04EC0-301F-11D3-BF4B-00C04F79EFBC}") = "Demo", "Examples\Theme\V2\Avalonia\Demo\Demo.csproj", "{7478ADFE-6AB0-836A-EC37-CA9508005E76}"
EndProject
Project("{2150E333-8FDC-42A3-9474-1A3956D46DE8}") = "WPF", "WPF", "{E41282F8-6197-4C37-898A-C36CE12BBE9C}"
EndProject
Project("{2150E333-8FDC-42A3-9474-1A3956D46DE8}") = "Avalonia", "Avalonia", "{D1D85B16-8F9A-425D-A3F3-6D379D10AFC8}"
EndProject
Project("{FAE04EC0-301F-11D3-BF4B-00C04F79EFBC}") = "Demo", "Examples\Theme\V2\WPF\Demo\Demo.csproj", "{158D5C9A-7964-6BF1-F8F0-ACBB804C107B}"
EndProject
Project("{2150E333-8FDC-42A3-9474-1A3956D46DE8}") = "WPF", "WPF", "{FBE133CD-8D3A-4DF9-91A5-63D6678F33A9}"
EndProject
Project("{2150E333-8FDC-42A3-9474-1A3956D46DE8}") = "Avalonia", "Avalonia", "{BC3CA920-1BD9-4BDC-90B2-08DB16EBF438}"
EndProject
Project("{FAE04EC0-301F-11D3-BF4B-00C04F79EFBC}") = "Demo", "Examples\Transition\V2\Avalonia\Demo\Demo.csproj", "{220F4306-DCB6-B45C-7F78-0BFA9979D794}"
EndProject
Project("{FAE04EC0-301F-11D3-BF4B-00C04F79EFBC}") = "Demo", "Examples\Transition\V2\WPF\Demo\Demo.csproj", "{6D72AB9D-499F-C7A8-81FA-AFC5BCAF6904}"
EndProject
Project("{2150E333-8FDC-42A3-9474-1A3956D46DE8}") = "V2", "V2", "{7116C66B-D636-4EBA-BCB4-895ABD0B7FE9}"
EndProject
Project("{FAE04EC0-301F-11D3-BF4B-00C04F79EFBC}") = "Demo", "Examples\Workflow\V3\WPF\Demo\Demo.csproj", "{4627F53C-0339-72B6-21B8-BFF50962AA4B}"
EndProject
Project("{FAE04EC0-301F-11D3-BF4B-00C04F79EFBC}") = "Demo", "Examples\Workflow\V3\WinUI\Demo\Demo.csproj", "{AF6B3A07-8DF8-45C7-B841-DC04AE83A836}"
EndProject
Project("{2150E333-8FDC-42A3-9474-1A3956D46DE8}") = "V3", "V3", "{F30703B5-3B27-43BB-89C2-963E526180F8}"
EndProject
Project("{FAE04EC0-301F-11D3-BF4B-00C04F79EFBC}") = "Demo", "Examples\MVVM\V3\WPF\demo\Demo.csproj", "{7A093BB6-C7BE-442F-B544-CC88AE80A9DA}"
EndProject
Project("{2150E333-8FDC-42A3-9474-1A3956D46DE8}") = "Extensions", "Extensions", "{24903E48-6060-436D-9983-FD616AA5524D}"
EndProject
Project("{FAE04EC0-301F-11D3-BF4B-00C04F79EFBC}") = "VeloxDev.Core.Extension", "VeloxDev.Core.Extension\VeloxDev.Core.Extension.csproj", "{8730D3FC-A7C3-4C1B-953E-445A52BB15C2}"
EndProject
Project("{2150E333-8FDC-42A3-9474-1A3956D46DE8}") = "V3", "V3", "{BEC91136-F07C-46EE-8780-3B59EAC5921F}"
	ProjectSection(SolutionItems) = preProject
		Examples\MonoBehaviour\V3\README.md = Examples\MonoBehaviour\V3\README.md
	EndProjectSection
EndProject
Project("{FAE04EC0-301F-11D3-BF4B-00C04F79EFBC}") = "Demo", "Examples\MonoBehaviour\V3\WPF\Demo\Demo.csproj", "{3E7BCF0D-BE85-4104-B8DA-956007D78E60}"
EndProject
Global
	GlobalSection(SolutionConfigurationPlatforms) = preSolution
		Debug|Any CPU = Debug|Any CPU
		Debug|ARM64 = Debug|ARM64
		Debug|x64 = Debug|x64
		Debug|x86 = Debug|x86
		Release|Any CPU = Release|Any CPU
		Release|ARM64 = Release|ARM64
		Release|x64 = Release|x64
		Release|x86 = Release|x86
	EndGlobalSection
	GlobalSection(ProjectConfigurationPlatforms) = postSolution
		{D161B5D6-2B2E-FC9E-6815-B592F8F403F2}.Debug|Any CPU.ActiveCfg = Debug|Any CPU
		{D161B5D6-2B2E-FC9E-6815-B592F8F403F2}.Debug|Any CPU.Build.0 = Debug|Any CPU
		{D161B5D6-2B2E-FC9E-6815-B592F8F403F2}.Debug|ARM64.ActiveCfg = Debug|Any CPU
		{D161B5D6-2B2E-FC9E-6815-B592F8F403F2}.Debug|ARM64.Build.0 = Debug|Any CPU
		{D161B5D6-2B2E-FC9E-6815-B592F8F403F2}.Debug|x64.ActiveCfg = Debug|Any CPU
		{D161B5D6-2B2E-FC9E-6815-B592F8F403F2}.Debug|x64.Build.0 = Debug|Any CPU
		{D161B5D6-2B2E-FC9E-6815-B592F8F403F2}.Debug|x86.ActiveCfg = Debug|Any CPU
		{D161B5D6-2B2E-FC9E-6815-B592F8F403F2}.Debug|x86.Build.0 = Debug|Any CPU
		{D161B5D6-2B2E-FC9E-6815-B592F8F403F2}.Release|Any CPU.ActiveCfg = Release|Any CPU
		{D161B5D6-2B2E-FC9E-6815-B592F8F403F2}.Release|Any CPU.Build.0 = Release|Any CPU
		{D161B5D6-2B2E-FC9E-6815-B592F8F403F2}.Release|ARM64.ActiveCfg = Release|Any CPU
		{D161B5D6-2B2E-FC9E-6815-B592F8F403F2}.Release|ARM64.Build.0 = Release|Any CPU
		{D161B5D6-2B2E-FC9E-6815-B592F8F403F2}.Release|x64.ActiveCfg = Release|Any CPU
		{D161B5D6-2B2E-FC9E-6815-B592F8F403F2}.Release|x64.Build.0 = Release|Any CPU
		{D161B5D6-2B2E-FC9E-6815-B592F8F403F2}.Release|x86.ActiveCfg = Release|Any CPU
		{D161B5D6-2B2E-FC9E-6815-B592F8F403F2}.Release|x86.Build.0 = Release|Any CPU
		{E64DB6B6-B532-28CA-802B-E62418FD0891}.Debug|Any CPU.ActiveCfg = Debug|Any CPU
		{E64DB6B6-B532-28CA-802B-E62418FD0891}.Debug|Any CPU.Build.0 = Debug|Any CPU
		{E64DB6B6-B532-28CA-802B-E62418FD0891}.Debug|ARM64.ActiveCfg = Debug|Any CPU
		{E64DB6B6-B532-28CA-802B-E62418FD0891}.Debug|ARM64.Build.0 = Debug|Any CPU
		{E64DB6B6-B532-28CA-802B-E62418FD0891}.Debug|x64.ActiveCfg = Debug|Any CPU
		{E64DB6B6-B532-28CA-802B-E62418FD0891}.Debug|x64.Build.0 = Debug|Any CPU
		{E64DB6B6-B532-28CA-802B-E62418FD0891}.Debug|x86.ActiveCfg = Debug|Any CPU
		{E64DB6B6-B532-28CA-802B-E62418FD0891}.Debug|x86.Build.0 = Debug|Any CPU
		{E64DB6B6-B532-28CA-802B-E62418FD0891}.Release|Any CPU.ActiveCfg = Release|Any CPU
		{E64DB6B6-B532-28CA-802B-E62418FD0891}.Release|Any CPU.Build.0 = Release|Any CPU
		{E64DB6B6-B532-28CA-802B-E62418FD0891}.Release|ARM64.ActiveCfg = Release|Any CPU
		{E64DB6B6-B532-28CA-802B-E62418FD0891}.Release|ARM64.Build.0 = Release|Any CPU
		{E64DB6B6-B532-28CA-802B-E62418FD0891}.Release|x64.ActiveCfg = Release|Any CPU
		{E64DB6B6-B532-28CA-802B-E62418FD0891}.Release|x64.Build.0 = Release|Any CPU
		{E64DB6B6-B532-28CA-802B-E62418FD0891}.Release|x86.ActiveCfg = Release|Any CPU
		{E64DB6B6-B532-28CA-802B-E62418FD0891}.Release|x86.Build.0 = Release|Any CPU
		{54C9AFD2-1FE3-4D1F-B2EF-212AF2A90F36}.Debug|Any CPU.ActiveCfg = Debug|Any CPU
		{54C9AFD2-1FE3-4D1F-B2EF-212AF2A90F36}.Debug|Any CPU.Build.0 = Debug|Any CPU
		{54C9AFD2-1FE3-4D1F-B2EF-212AF2A90F36}.Debug|ARM64.ActiveCfg = Debug|Any CPU
		{54C9AFD2-1FE3-4D1F-B2EF-212AF2A90F36}.Debug|ARM64.Build.0 = Debug|Any CPU
		{54C9AFD2-1FE3-4D1F-B2EF-212AF2A90F36}.Debug|x64.ActiveCfg = Debug|Any CPU
		{54C9AFD2-1FE3-4D1F-B2EF-212AF2A90F36}.Debug|x64.Build.0 = Debug|Any CPU
		{54C9AFD2-1FE3-4D1F-B2EF-212AF2A90F36}.Debug|x86.ActiveCfg = Debug|Any CPU
		{54C9AFD2-1FE3-4D1F-B2EF-212AF2A90F36}.Debug|x86.Build.0 = Debug|Any CPU
		{54C9AFD2-1FE3-4D1F-B2EF-212AF2A90F36}.Release|Any CPU.ActiveCfg = Release|Any CPU
		{54C9AFD2-1FE3-4D1F-B2EF-212AF2A90F36}.Release|Any CPU.Build.0 = Release|Any CPU
		{54C9AFD2-1FE3-4D1F-B2EF-212AF2A90F36}.Release|ARM64.ActiveCfg = Release|Any CPU
		{54C9AFD2-1FE3-4D1F-B2EF-212AF2A90F36}.Release|ARM64.Build.0 = Release|Any CPU
		{54C9AFD2-1FE3-4D1F-B2EF-212AF2A90F36}.Release|x64.ActiveCfg = Release|Any CPU
		{54C9AFD2-1FE3-4D1F-B2EF-212AF2A90F36}.Release|x64.Build.0 = Release|Any CPU
		{54C9AFD2-1FE3-4D1F-B2EF-212AF2A90F36}.Release|x86.ActiveCfg = Release|Any CPU
		{54C9AFD2-1FE3-4D1F-B2EF-212AF2A90F36}.Release|x86.Build.0 = Release|Any CPU
		{AF665DBA-A076-4D9C-88BA-45F9A1D453D6}.Debug|Any CPU.ActiveCfg = Debug|Any CPU
		{AF665DBA-A076-4D9C-88BA-45F9A1D453D6}.Debug|Any CPU.Build.0 = Debug|Any CPU
		{AF665DBA-A076-4D9C-88BA-45F9A1D453D6}.Debug|ARM64.ActiveCfg = Debug|Any CPU
		{AF665DBA-A076-4D9C-88BA-45F9A1D453D6}.Debug|ARM64.Build.0 = Debug|Any CPU
		{AF665DBA-A076-4D9C-88BA-45F9A1D453D6}.Debug|x64.ActiveCfg = Debug|Any CPU
		{AF665DBA-A076-4D9C-88BA-45F9A1D453D6}.Debug|x64.Build.0 = Debug|Any CPU
		{AF665DBA-A076-4D9C-88BA-45F9A1D453D6}.Debug|x86.ActiveCfg = Debug|Any CPU
		{AF665DBA-A076-4D9C-88BA-45F9A1D453D6}.Debug|x86.Build.0 = Debug|Any CPU
		{AF665DBA-A076-4D9C-88BA-45F9A1D453D6}.Release|Any CPU.ActiveCfg = Release|Any CPU
		{AF665DBA-A076-4D9C-88BA-45F9A1D453D6}.Release|Any CPU.Build.0 = Release|Any CPU
		{AF665DBA-A076-4D9C-88BA-45F9A1D453D6}.Release|ARM64.ActiveCfg = Release|Any CPU
		{AF665DBA-A076-4D9C-88BA-45F9A1D453D6}.Release|ARM64.Build.0 = Release|Any CPU
		{AF665DBA-A076-4D9C-88BA-45F9A1D453D6}.Release|x64.ActiveCfg = Release|Any CPU
		{AF665DBA-A076-4D9C-88BA-45F9A1D453D6}.Release|x64.Build.0 = Release|Any CPU
		{AF665DBA-A076-4D9C-88BA-45F9A1D453D6}.Release|x86.ActiveCfg = Release|Any CPU
		{AF665DBA-A076-4D9C-88BA-45F9A1D453D6}.Release|x86.Build.0 = Release|Any CPU
		{D627272D-7BC6-47A9-98BF-0469D9E0108D}.Debug|Any CPU.ActiveCfg = Debug|Any CPU
		{D627272D-7BC6-47A9-98BF-0469D9E0108D}.Debug|Any CPU.Build.0 = Debug|Any CPU
		{D627272D-7BC6-47A9-98BF-0469D9E0108D}.Debug|ARM64.ActiveCfg = Debug|Any CPU
		{D627272D-7BC6-47A9-98BF-0469D9E0108D}.Debug|ARM64.Build.0 = Debug|Any CPU
		{D627272D-7BC6-47A9-98BF-0469D9E0108D}.Debug|x64.ActiveCfg = Debug|Any CPU
		{D627272D-7BC6-47A9-98BF-0469D9E0108D}.Debug|x64.Build.0 = Debug|Any CPU
		{D627272D-7BC6-47A9-98BF-0469D9E0108D}.Debug|x86.ActiveCfg = Debug|Any CPU
		{D627272D-7BC6-47A9-98BF-0469D9E0108D}.Debug|x86.Build.0 = Debug|Any CPU
		{D627272D-7BC6-47A9-98BF-0469D9E0108D}.Release|Any CPU.ActiveCfg = Release|Any CPU
		{D627272D-7BC6-47A9-98BF-0469D9E0108D}.Release|Any CPU.Build.0 = Release|Any CPU
		{D627272D-7BC6-47A9-98BF-0469D9E0108D}.Release|ARM64.ActiveCfg = Release|Any CPU
		{D627272D-7BC6-47A9-98BF-0469D9E0108D}.Release|ARM64.Build.0 = Release|Any CPU
		{D627272D-7BC6-47A9-98BF-0469D9E0108D}.Release|x64.ActiveCfg = Release|Any CPU
		{D627272D-7BC6-47A9-98BF-0469D9E0108D}.Release|x64.Build.0 = Release|Any CPU
		{D627272D-7BC6-47A9-98BF-0469D9E0108D}.Release|x86.ActiveCfg = Release|Any CPU
		{D627272D-7BC6-47A9-98BF-0469D9E0108D}.Release|x86.Build.0 = Release|Any CPU
		{8CA0E805-165A-42DF-9E83-38C73852C2EE}.Debug|Any CPU.ActiveCfg = Debug|Any CPU
		{8CA0E805-165A-42DF-9E83-38C73852C2EE}.Debug|Any CPU.Build.0 = Debug|Any CPU
		{8CA0E805-165A-42DF-9E83-38C73852C2EE}.Debug|ARM64.ActiveCfg = Debug|Any CPU
		{8CA0E805-165A-42DF-9E83-38C73852C2EE}.Debug|ARM64.Build.0 = Debug|Any CPU
		{8CA0E805-165A-42DF-9E83-38C73852C2EE}.Debug|x64.ActiveCfg = Debug|Any CPU
		{8CA0E805-165A-42DF-9E83-38C73852C2EE}.Debug|x64.Build.0 = Debug|Any CPU
		{8CA0E805-165A-42DF-9E83-38C73852C2EE}.Debug|x86.ActiveCfg = Debug|Any CPU
		{8CA0E805-165A-42DF-9E83-38C73852C2EE}.Debug|x86.Build.0 = Debug|Any CPU
		{8CA0E805-165A-42DF-9E83-38C73852C2EE}.Release|Any CPU.ActiveCfg = Release|Any CPU
		{8CA0E805-165A-42DF-9E83-38C73852C2EE}.Release|Any CPU.Build.0 = Release|Any CPU
		{8CA0E805-165A-42DF-9E83-38C73852C2EE}.Release|ARM64.ActiveCfg = Release|Any CPU
		{8CA0E805-165A-42DF-9E83-38C73852C2EE}.Release|ARM64.Build.0 = Release|Any CPU
		{8CA0E805-165A-42DF-9E83-38C73852C2EE}.Release|x64.ActiveCfg = Release|Any CPU
		{8CA0E805-165A-42DF-9E83-38C73852C2EE}.Release|x64.Build.0 = Release|Any CPU
		{8CA0E805-165A-42DF-9E83-38C73852C2EE}.Release|x86.ActiveCfg = Release|Any CPU
		{8CA0E805-165A-42DF-9E83-38C73852C2EE}.Release|x86.Build.0 = Release|Any CPU
		{3DCC8505-CBB3-44C7-B795-C92A50E56A0C}.Debug|Any CPU.ActiveCfg = Debug|Any CPU
		{3DCC8505-CBB3-44C7-B795-C92A50E56A0C}.Debug|Any CPU.Build.0 = Debug|Any CPU
		{3DCC8505-CBB3-44C7-B795-C92A50E56A0C}.Debug|ARM64.ActiveCfg = Debug|Any CPU
		{3DCC8505-CBB3-44C7-B795-C92A50E56A0C}.Debug|ARM64.Build.0 = Debug|Any CPU
		{3DCC8505-CBB3-44C7-B795-C92A50E56A0C}.Debug|x64.ActiveCfg = Debug|Any CPU
		{3DCC8505-CBB3-44C7-B795-C92A50E56A0C}.Debug|x64.Build.0 = Debug|Any CPU
		{3DCC8505-CBB3-44C7-B795-C92A50E56A0C}.Debug|x86.ActiveCfg = Debug|Any CPU
		{3DCC8505-CBB3-44C7-B795-C92A50E56A0C}.Debug|x86.Build.0 = Debug|Any CPU
		{3DCC8505-CBB3-44C7-B795-C92A50E56A0C}.Release|Any CPU.ActiveCfg = Release|Any CPU
		{3DCC8505-CBB3-44C7-B795-C92A50E56A0C}.Release|Any CPU.Build.0 = Release|Any CPU
		{3DCC8505-CBB3-44C7-B795-C92A50E56A0C}.Release|ARM64.ActiveCfg = Release|Any CPU
		{3DCC8505-CBB3-44C7-B795-C92A50E56A0C}.Release|ARM64.Build.0 = Release|Any CPU
		{3DCC8505-CBB3-44C7-B795-C92A50E56A0C}.Release|x64.ActiveCfg = Release|Any CPU
		{3DCC8505-CBB3-44C7-B795-C92A50E56A0C}.Release|x64.Build.0 = Release|Any CPU
		{3DCC8505-CBB3-44C7-B795-C92A50E56A0C}.Release|x86.ActiveCfg = Release|Any CPU
		{3DCC8505-CBB3-44C7-B795-C92A50E56A0C}.Release|x86.Build.0 = Release|Any CPU
		{8C949AD0-6A1B-40E4-B62D-322041DA394F}.Debug|Any CPU.ActiveCfg = Debug|Any CPU
		{8C949AD0-6A1B-40E4-B62D-322041DA394F}.Debug|Any CPU.Build.0 = Debug|Any CPU
		{8C949AD0-6A1B-40E4-B62D-322041DA394F}.Debug|ARM64.ActiveCfg = Debug|Any CPU
		{8C949AD0-6A1B-40E4-B62D-322041DA394F}.Debug|ARM64.Build.0 = Debug|Any CPU
		{8C949AD0-6A1B-40E4-B62D-322041DA394F}.Debug|x64.ActiveCfg = Debug|Any CPU
		{8C949AD0-6A1B-40E4-B62D-322041DA394F}.Debug|x64.Build.0 = Debug|Any CPU
		{8C949AD0-6A1B-40E4-B62D-322041DA394F}.Debug|x86.ActiveCfg = Debug|Any CPU
		{8C949AD0-6A1B-40E4-B62D-322041DA394F}.Debug|x86.Build.0 = Debug|Any CPU
		{8C949AD0-6A1B-40E4-B62D-322041DA394F}.Release|Any CPU.ActiveCfg = Release|Any CPU
		{8C949AD0-6A1B-40E4-B62D-322041DA394F}.Release|Any CPU.Build.0 = Release|Any CPU
		{8C949AD0-6A1B-40E4-B62D-322041DA394F}.Release|ARM64.ActiveCfg = Release|Any CPU
		{8C949AD0-6A1B-40E4-B62D-322041DA394F}.Release|ARM64.Build.0 = Release|Any CPU
		{8C949AD0-6A1B-40E4-B62D-322041DA394F}.Release|x64.ActiveCfg = Release|Any CPU
		{8C949AD0-6A1B-40E4-B62D-322041DA394F}.Release|x64.Build.0 = Release|Any CPU
		{8C949AD0-6A1B-40E4-B62D-322041DA394F}.Release|x86.ActiveCfg = Release|Any CPU
		{8C949AD0-6A1B-40E4-B62D-322041DA394F}.Release|x86.Build.0 = Release|Any CPU
		{9B764FD0-5A24-0E17-E2FF-58D56D0EA1D7}.Debug|Any CPU.ActiveCfg = Debug|Any CPU
		{9B764FD0-5A24-0E17-E2FF-58D56D0EA1D7}.Debug|Any CPU.Build.0 = Debug|Any CPU
		{9B764FD0-5A24-0E17-E2FF-58D56D0EA1D7}.Debug|ARM64.ActiveCfg = Debug|Any CPU
		{9B764FD0-5A24-0E17-E2FF-58D56D0EA1D7}.Debug|ARM64.Build.0 = Debug|Any CPU
		{9B764FD0-5A24-0E17-E2FF-58D56D0EA1D7}.Debug|x64.ActiveCfg = Debug|Any CPU
		{9B764FD0-5A24-0E17-E2FF-58D56D0EA1D7}.Debug|x64.Build.0 = Debug|Any CPU
		{9B764FD0-5A24-0E17-E2FF-58D56D0EA1D7}.Debug|x86.ActiveCfg = Debug|Any CPU
		{9B764FD0-5A24-0E17-E2FF-58D56D0EA1D7}.Debug|x86.Build.0 = Debug|Any CPU
		{9B764FD0-5A24-0E17-E2FF-58D56D0EA1D7}.Release|Any CPU.ActiveCfg = Release|Any CPU
		{9B764FD0-5A24-0E17-E2FF-58D56D0EA1D7}.Release|Any CPU.Build.0 = Release|Any CPU
		{9B764FD0-5A24-0E17-E2FF-58D56D0EA1D7}.Release|ARM64.ActiveCfg = Release|Any CPU
		{9B764FD0-5A24-0E17-E2FF-58D56D0EA1D7}.Release|ARM64.Build.0 = Release|Any CPU
		{9B764FD0-5A24-0E17-E2FF-58D56D0EA1D7}.Release|x64.ActiveCfg = Release|Any CPU
		{9B764FD0-5A24-0E17-E2FF-58D56D0EA1D7}.Release|x64.Build.0 = Release|Any CPU
		{9B764FD0-5A24-0E17-E2FF-58D56D0EA1D7}.Release|x86.ActiveCfg = Release|Any CPU
		{9B764FD0-5A24-0E17-E2FF-58D56D0EA1D7}.Release|x86.Build.0 = Release|Any CPU
		{6984BA33-39AB-4204-AFD4-41923F4DC6F6}.Debug|Any CPU.ActiveCfg = Debug|Any CPU
		{6984BA33-39AB-4204-AFD4-41923F4DC6F6}.Debug|Any CPU.Build.0 = Debug|Any CPU
		{6984BA33-39AB-4204-AFD4-41923F4DC6F6}.Debug|ARM64.ActiveCfg = Debug|Any CPU
		{6984BA33-39AB-4204-AFD4-41923F4DC6F6}.Debug|ARM64.Build.0 = Debug|Any CPU
		{6984BA33-39AB-4204-AFD4-41923F4DC6F6}.Debug|x64.ActiveCfg = Debug|Any CPU
		{6984BA33-39AB-4204-AFD4-41923F4DC6F6}.Debug|x64.Build.0 = Debug|Any CPU
		{6984BA33-39AB-4204-AFD4-41923F4DC6F6}.Debug|x86.ActiveCfg = Debug|Any CPU
		{6984BA33-39AB-4204-AFD4-41923F4DC6F6}.Debug|x86.Build.0 = Debug|Any CPU
		{6984BA33-39AB-4204-AFD4-41923F4DC6F6}.Release|Any CPU.ActiveCfg = Release|Any CPU
		{6984BA33-39AB-4204-AFD4-41923F4DC6F6}.Release|Any CPU.Build.0 = Release|Any CPU
		{6984BA33-39AB-4204-AFD4-41923F4DC6F6}.Release|ARM64.ActiveCfg = Release|Any CPU
		{6984BA33-39AB-4204-AFD4-41923F4DC6F6}.Release|ARM64.Build.0 = Release|Any CPU
		{6984BA33-39AB-4204-AFD4-41923F4DC6F6}.Release|x64.ActiveCfg = Release|Any CPU
		{6984BA33-39AB-4204-AFD4-41923F4DC6F6}.Release|x64.Build.0 = Release|Any CPU
		{6984BA33-39AB-4204-AFD4-41923F4DC6F6}.Release|x86.ActiveCfg = Release|Any CPU
		{6984BA33-39AB-4204-AFD4-41923F4DC6F6}.Release|x86.Build.0 = Release|Any CPU
		{67856DBD-6F7D-132C-C9B6-C6AE7B384850}.Debug|Any CPU.ActiveCfg = Debug|Any CPU
		{67856DBD-6F7D-132C-C9B6-C6AE7B384850}.Debug|Any CPU.Build.0 = Debug|Any CPU
		{67856DBD-6F7D-132C-C9B6-C6AE7B384850}.Debug|ARM64.ActiveCfg = Debug|Any CPU
		{67856DBD-6F7D-132C-C9B6-C6AE7B384850}.Debug|ARM64.Build.0 = Debug|Any CPU
		{67856DBD-6F7D-132C-C9B6-C6AE7B384850}.Debug|x64.ActiveCfg = Debug|Any CPU
		{67856DBD-6F7D-132C-C9B6-C6AE7B384850}.Debug|x64.Build.0 = Debug|Any CPU
		{67856DBD-6F7D-132C-C9B6-C6AE7B384850}.Debug|x86.ActiveCfg = Debug|Any CPU
		{67856DBD-6F7D-132C-C9B6-C6AE7B384850}.Debug|x86.Build.0 = Debug|Any CPU
		{67856DBD-6F7D-132C-C9B6-C6AE7B384850}.Release|Any CPU.ActiveCfg = Release|Any CPU
		{67856DBD-6F7D-132C-C9B6-C6AE7B384850}.Release|Any CPU.Build.0 = Release|Any CPU
		{67856DBD-6F7D-132C-C9B6-C6AE7B384850}.Release|ARM64.ActiveCfg = Release|Any CPU
		{67856DBD-6F7D-132C-C9B6-C6AE7B384850}.Release|ARM64.Build.0 = Release|Any CPU
		{67856DBD-6F7D-132C-C9B6-C6AE7B384850}.Release|x64.ActiveCfg = Release|Any CPU
		{67856DBD-6F7D-132C-C9B6-C6AE7B384850}.Release|x64.Build.0 = Release|Any CPU
		{67856DBD-6F7D-132C-C9B6-C6AE7B384850}.Release|x86.ActiveCfg = Release|Any CPU
		{67856DBD-6F7D-132C-C9B6-C6AE7B384850}.Release|x86.Build.0 = Release|Any CPU
		{7F27088F-73E1-D199-1AE0-A830631BD934}.Debug|Any CPU.ActiveCfg = Debug|Any CPU
		{7F27088F-73E1-D199-1AE0-A830631BD934}.Debug|Any CPU.Build.0 = Debug|Any CPU
		{7F27088F-73E1-D199-1AE0-A830631BD934}.Debug|ARM64.ActiveCfg = Debug|Any CPU
		{7F27088F-73E1-D199-1AE0-A830631BD934}.Debug|ARM64.Build.0 = Debug|Any CPU
		{7F27088F-73E1-D199-1AE0-A830631BD934}.Debug|x64.ActiveCfg = Debug|Any CPU
		{7F27088F-73E1-D199-1AE0-A830631BD934}.Debug|x64.Build.0 = Debug|Any CPU
		{7F27088F-73E1-D199-1AE0-A830631BD934}.Debug|x86.ActiveCfg = Debug|Any CPU
		{7F27088F-73E1-D199-1AE0-A830631BD934}.Debug|x86.Build.0 = Debug|Any CPU
		{7F27088F-73E1-D199-1AE0-A830631BD934}.Release|Any CPU.ActiveCfg = Release|Any CPU
		{7F27088F-73E1-D199-1AE0-A830631BD934}.Release|Any CPU.Build.0 = Release|Any CPU
		{7F27088F-73E1-D199-1AE0-A830631BD934}.Release|ARM64.ActiveCfg = Release|Any CPU
		{7F27088F-73E1-D199-1AE0-A830631BD934}.Release|ARM64.Build.0 = Release|Any CPU
		{7F27088F-73E1-D199-1AE0-A830631BD934}.Release|x64.ActiveCfg = Release|Any CPU
		{7F27088F-73E1-D199-1AE0-A830631BD934}.Release|x64.Build.0 = Release|Any CPU
		{7F27088F-73E1-D199-1AE0-A830631BD934}.Release|x86.ActiveCfg = Release|Any CPU
		{7F27088F-73E1-D199-1AE0-A830631BD934}.Release|x86.Build.0 = Release|Any CPU
		{C15CB9D1-42E3-2982-2FF7-31C5CB3A923E}.Debug|Any CPU.ActiveCfg = Debug|Any CPU
		{C15CB9D1-42E3-2982-2FF7-31C5CB3A923E}.Debug|Any CPU.Build.0 = Debug|Any CPU
		{C15CB9D1-42E3-2982-2FF7-31C5CB3A923E}.Debug|ARM64.ActiveCfg = Debug|Any CPU
		{C15CB9D1-42E3-2982-2FF7-31C5CB3A923E}.Debug|ARM64.Build.0 = Debug|Any CPU
		{C15CB9D1-42E3-2982-2FF7-31C5CB3A923E}.Debug|x64.ActiveCfg = Debug|Any CPU
		{C15CB9D1-42E3-2982-2FF7-31C5CB3A923E}.Debug|x64.Build.0 = Debug|Any CPU
		{C15CB9D1-42E3-2982-2FF7-31C5CB3A923E}.Debug|x86.ActiveCfg = Debug|Any CPU
		{C15CB9D1-42E3-2982-2FF7-31C5CB3A923E}.Debug|x86.Build.0 = Debug|Any CPU
		{C15CB9D1-42E3-2982-2FF7-31C5CB3A923E}.Release|Any CPU.ActiveCfg = Release|Any CPU
		{C15CB9D1-42E3-2982-2FF7-31C5CB3A923E}.Release|Any CPU.Build.0 = Release|Any CPU
		{C15CB9D1-42E3-2982-2FF7-31C5CB3A923E}.Release|ARM64.ActiveCfg = Release|Any CPU
		{C15CB9D1-42E3-2982-2FF7-31C5CB3A923E}.Release|ARM64.Build.0 = Release|Any CPU
		{C15CB9D1-42E3-2982-2FF7-31C5CB3A923E}.Release|x64.ActiveCfg = Release|Any CPU
		{C15CB9D1-42E3-2982-2FF7-31C5CB3A923E}.Release|x64.Build.0 = Release|Any CPU
		{C15CB9D1-42E3-2982-2FF7-31C5CB3A923E}.Release|x86.ActiveCfg = Release|Any CPU
		{C15CB9D1-42E3-2982-2FF7-31C5CB3A923E}.Release|x86.Build.0 = Release|Any CPU
		{F425D262-A600-65CB-4F78-D5DF58882E9C}.Debug|Any CPU.ActiveCfg = Debug|Any CPU
		{F425D262-A600-65CB-4F78-D5DF58882E9C}.Debug|Any CPU.Build.0 = Debug|Any CPU
		{F425D262-A600-65CB-4F78-D5DF58882E9C}.Debug|ARM64.ActiveCfg = Debug|Any CPU
		{F425D262-A600-65CB-4F78-D5DF58882E9C}.Debug|ARM64.Build.0 = Debug|Any CPU
		{F425D262-A600-65CB-4F78-D5DF58882E9C}.Debug|x64.ActiveCfg = Debug|Any CPU
		{F425D262-A600-65CB-4F78-D5DF58882E9C}.Debug|x64.Build.0 = Debug|Any CPU
		{F425D262-A600-65CB-4F78-D5DF58882E9C}.Debug|x86.ActiveCfg = Debug|Any CPU
		{F425D262-A600-65CB-4F78-D5DF58882E9C}.Debug|x86.Build.0 = Debug|Any CPU
		{F425D262-A600-65CB-4F78-D5DF58882E9C}.Release|Any CPU.ActiveCfg = Release|Any CPU
		{F425D262-A600-65CB-4F78-D5DF58882E9C}.Release|Any CPU.Build.0 = Release|Any CPU
		{F425D262-A600-65CB-4F78-D5DF58882E9C}.Release|ARM64.ActiveCfg = Release|Any CPU
		{F425D262-A600-65CB-4F78-D5DF58882E9C}.Release|ARM64.Build.0 = Release|Any CPU
		{F425D262-A600-65CB-4F78-D5DF58882E9C}.Release|x64.ActiveCfg = Release|Any CPU
		{F425D262-A600-65CB-4F78-D5DF58882E9C}.Release|x64.Build.0 = Release|Any CPU
		{F425D262-A600-65CB-4F78-D5DF58882E9C}.Release|x86.ActiveCfg = Release|Any CPU
		{F425D262-A600-65CB-4F78-D5DF58882E9C}.Release|x86.Build.0 = Release|Any CPU
		{A73D730B-2CFB-B91D-5B95-30A5A2A744FE}.Debug|Any CPU.ActiveCfg = Debug|Any CPU
		{A73D730B-2CFB-B91D-5B95-30A5A2A744FE}.Debug|Any CPU.Build.0 = Debug|Any CPU
		{A73D730B-2CFB-B91D-5B95-30A5A2A744FE}.Debug|ARM64.ActiveCfg = Debug|Any CPU
		{A73D730B-2CFB-B91D-5B95-30A5A2A744FE}.Debug|ARM64.Build.0 = Debug|Any CPU
		{A73D730B-2CFB-B91D-5B95-30A5A2A744FE}.Debug|x64.ActiveCfg = Debug|Any CPU
		{A73D730B-2CFB-B91D-5B95-30A5A2A744FE}.Debug|x64.Build.0 = Debug|Any CPU
		{A73D730B-2CFB-B91D-5B95-30A5A2A744FE}.Debug|x86.ActiveCfg = Debug|Any CPU
		{A73D730B-2CFB-B91D-5B95-30A5A2A744FE}.Debug|x86.Build.0 = Debug|Any CPU
		{A73D730B-2CFB-B91D-5B95-30A5A2A744FE}.Release|Any CPU.ActiveCfg = Release|Any CPU
		{A73D730B-2CFB-B91D-5B95-30A5A2A744FE}.Release|Any CPU.Build.0 = Release|Any CPU
		{A73D730B-2CFB-B91D-5B95-30A5A2A744FE}.Release|ARM64.ActiveCfg = Release|Any CPU
		{A73D730B-2CFB-B91D-5B95-30A5A2A744FE}.Release|ARM64.Build.0 = Release|Any CPU
		{A73D730B-2CFB-B91D-5B95-30A5A2A744FE}.Release|x64.ActiveCfg = Release|Any CPU
		{A73D730B-2CFB-B91D-5B95-30A5A2A744FE}.Release|x64.Build.0 = Release|Any CPU
		{A73D730B-2CFB-B91D-5B95-30A5A2A744FE}.Release|x86.ActiveCfg = Release|Any CPU
		{A73D730B-2CFB-B91D-5B95-30A5A2A744FE}.Release|x86.Build.0 = Release|Any CPU
		{4D999EE8-99A6-8815-F574-321EC55DEB16}.Debug|Any CPU.ActiveCfg = Debug|Any CPU
		{4D999EE8-99A6-8815-F574-321EC55DEB16}.Debug|Any CPU.Build.0 = Debug|Any CPU
		{4D999EE8-99A6-8815-F574-321EC55DEB16}.Debug|ARM64.ActiveCfg = Debug|Any CPU
		{4D999EE8-99A6-8815-F574-321EC55DEB16}.Debug|ARM64.Build.0 = Debug|Any CPU
		{4D999EE8-99A6-8815-F574-321EC55DEB16}.Debug|x64.ActiveCfg = Debug|Any CPU
		{4D999EE8-99A6-8815-F574-321EC55DEB16}.Debug|x64.Build.0 = Debug|Any CPU
		{4D999EE8-99A6-8815-F574-321EC55DEB16}.Debug|x86.ActiveCfg = Debug|Any CPU
		{4D999EE8-99A6-8815-F574-321EC55DEB16}.Debug|x86.Build.0 = Debug|Any CPU
		{4D999EE8-99A6-8815-F574-321EC55DEB16}.Release|Any CPU.ActiveCfg = Release|Any CPU
		{4D999EE8-99A6-8815-F574-321EC55DEB16}.Release|Any CPU.Build.0 = Release|Any CPU
		{4D999EE8-99A6-8815-F574-321EC55DEB16}.Release|ARM64.ActiveCfg = Release|Any CPU
		{4D999EE8-99A6-8815-F574-321EC55DEB16}.Release|ARM64.Build.0 = Release|Any CPU
		{4D999EE8-99A6-8815-F574-321EC55DEB16}.Release|x64.ActiveCfg = Release|Any CPU
		{4D999EE8-99A6-8815-F574-321EC55DEB16}.Release|x64.Build.0 = Release|Any CPU
		{4D999EE8-99A6-8815-F574-321EC55DEB16}.Release|x86.ActiveCfg = Release|Any CPU
		{4D999EE8-99A6-8815-F574-321EC55DEB16}.Release|x86.Build.0 = Release|Any CPU
		{8476C36E-564C-7F0D-C7D2-9C5EEAF5B34B}.Debug|Any CPU.ActiveCfg = Debug|Any CPU
		{8476C36E-564C-7F0D-C7D2-9C5EEAF5B34B}.Debug|Any CPU.Build.0 = Debug|Any CPU
		{8476C36E-564C-7F0D-C7D2-9C5EEAF5B34B}.Debug|ARM64.ActiveCfg = Debug|Any CPU
		{8476C36E-564C-7F0D-C7D2-9C5EEAF5B34B}.Debug|ARM64.Build.0 = Debug|Any CPU
		{8476C36E-564C-7F0D-C7D2-9C5EEAF5B34B}.Debug|x64.ActiveCfg = Debug|Any CPU
		{8476C36E-564C-7F0D-C7D2-9C5EEAF5B34B}.Debug|x64.Build.0 = Debug|Any CPU
		{8476C36E-564C-7F0D-C7D2-9C5EEAF5B34B}.Debug|x86.ActiveCfg = Debug|Any CPU
		{8476C36E-564C-7F0D-C7D2-9C5EEAF5B34B}.Debug|x86.Build.0 = Debug|Any CPU
		{8476C36E-564C-7F0D-C7D2-9C5EEAF5B34B}.Release|Any CPU.ActiveCfg = Release|Any CPU
		{8476C36E-564C-7F0D-C7D2-9C5EEAF5B34B}.Release|Any CPU.Build.0 = Release|Any CPU
		{8476C36E-564C-7F0D-C7D2-9C5EEAF5B34B}.Release|ARM64.ActiveCfg = Release|Any CPU
		{8476C36E-564C-7F0D-C7D2-9C5EEAF5B34B}.Release|ARM64.Build.0 = Release|Any CPU
		{8476C36E-564C-7F0D-C7D2-9C5EEAF5B34B}.Release|x64.ActiveCfg = Release|Any CPU
		{8476C36E-564C-7F0D-C7D2-9C5EEAF5B34B}.Release|x64.Build.0 = Release|Any CPU
		{8476C36E-564C-7F0D-C7D2-9C5EEAF5B34B}.Release|x86.ActiveCfg = Release|Any CPU
		{8476C36E-564C-7F0D-C7D2-9C5EEAF5B34B}.Release|x86.Build.0 = Release|Any CPU
		{DA1F59C5-A240-0BC3-0717-659361306035}.Debug|Any CPU.ActiveCfg = Debug|Any CPU
		{DA1F59C5-A240-0BC3-0717-659361306035}.Debug|Any CPU.Build.0 = Debug|Any CPU
		{DA1F59C5-A240-0BC3-0717-659361306035}.Debug|ARM64.ActiveCfg = Debug|Any CPU
		{DA1F59C5-A240-0BC3-0717-659361306035}.Debug|ARM64.Build.0 = Debug|Any CPU
		{DA1F59C5-A240-0BC3-0717-659361306035}.Debug|x64.ActiveCfg = Debug|Any CPU
		{DA1F59C5-A240-0BC3-0717-659361306035}.Debug|x64.Build.0 = Debug|Any CPU
		{DA1F59C5-A240-0BC3-0717-659361306035}.Debug|x86.ActiveCfg = Debug|Any CPU
		{DA1F59C5-A240-0BC3-0717-659361306035}.Debug|x86.Build.0 = Debug|Any CPU
		{DA1F59C5-A240-0BC3-0717-659361306035}.Release|Any CPU.ActiveCfg = Release|Any CPU
		{DA1F59C5-A240-0BC3-0717-659361306035}.Release|Any CPU.Build.0 = Release|Any CPU
		{DA1F59C5-A240-0BC3-0717-659361306035}.Release|ARM64.ActiveCfg = Release|Any CPU
		{DA1F59C5-A240-0BC3-0717-659361306035}.Release|ARM64.Build.0 = Release|Any CPU
		{DA1F59C5-A240-0BC3-0717-659361306035}.Release|x64.ActiveCfg = Release|Any CPU
		{DA1F59C5-A240-0BC3-0717-659361306035}.Release|x64.Build.0 = Release|Any CPU
		{DA1F59C5-A240-0BC3-0717-659361306035}.Release|x86.ActiveCfg = Release|Any CPU
		{DA1F59C5-A240-0BC3-0717-659361306035}.Release|x86.Build.0 = Release|Any CPU
		{7478ADFE-6AB0-836A-EC37-CA9508005E76}.Debug|Any CPU.ActiveCfg = Debug|Any CPU
		{7478ADFE-6AB0-836A-EC37-CA9508005E76}.Debug|Any CPU.Build.0 = Debug|Any CPU
		{7478ADFE-6AB0-836A-EC37-CA9508005E76}.Debug|ARM64.ActiveCfg = Debug|Any CPU
		{7478ADFE-6AB0-836A-EC37-CA9508005E76}.Debug|ARM64.Build.0 = Debug|Any CPU
		{7478ADFE-6AB0-836A-EC37-CA9508005E76}.Debug|x64.ActiveCfg = Debug|Any CPU
		{7478ADFE-6AB0-836A-EC37-CA9508005E76}.Debug|x64.Build.0 = Debug|Any CPU
		{7478ADFE-6AB0-836A-EC37-CA9508005E76}.Debug|x86.ActiveCfg = Debug|Any CPU
		{7478ADFE-6AB0-836A-EC37-CA9508005E76}.Debug|x86.Build.0 = Debug|Any CPU
		{7478ADFE-6AB0-836A-EC37-CA9508005E76}.Release|Any CPU.ActiveCfg = Release|Any CPU
		{7478ADFE-6AB0-836A-EC37-CA9508005E76}.Release|Any CPU.Build.0 = Release|Any CPU
		{7478ADFE-6AB0-836A-EC37-CA9508005E76}.Release|ARM64.ActiveCfg = Release|Any CPU
		{7478ADFE-6AB0-836A-EC37-CA9508005E76}.Release|ARM64.Build.0 = Release|Any CPU
		{7478ADFE-6AB0-836A-EC37-CA9508005E76}.Release|x64.ActiveCfg = Release|Any CPU
		{7478ADFE-6AB0-836A-EC37-CA9508005E76}.Release|x64.Build.0 = Release|Any CPU
		{7478ADFE-6AB0-836A-EC37-CA9508005E76}.Release|x86.ActiveCfg = Release|Any CPU
		{7478ADFE-6AB0-836A-EC37-CA9508005E76}.Release|x86.Build.0 = Release|Any CPU
		{158D5C9A-7964-6BF1-F8F0-ACBB804C107B}.Debug|Any CPU.ActiveCfg = Debug|Any CPU
		{158D5C9A-7964-6BF1-F8F0-ACBB804C107B}.Debug|Any CPU.Build.0 = Debug|Any CPU
		{158D5C9A-7964-6BF1-F8F0-ACBB804C107B}.Debug|ARM64.ActiveCfg = Debug|Any CPU
		{158D5C9A-7964-6BF1-F8F0-ACBB804C107B}.Debug|ARM64.Build.0 = Debug|Any CPU
		{158D5C9A-7964-6BF1-F8F0-ACBB804C107B}.Debug|x64.ActiveCfg = Debug|Any CPU
		{158D5C9A-7964-6BF1-F8F0-ACBB804C107B}.Debug|x64.Build.0 = Debug|Any CPU
		{158D5C9A-7964-6BF1-F8F0-ACBB804C107B}.Debug|x86.ActiveCfg = Debug|Any CPU
		{158D5C9A-7964-6BF1-F8F0-ACBB804C107B}.Debug|x86.Build.0 = Debug|Any CPU
		{158D5C9A-7964-6BF1-F8F0-ACBB804C107B}.Release|Any CPU.ActiveCfg = Release|Any CPU
		{158D5C9A-7964-6BF1-F8F0-ACBB804C107B}.Release|Any CPU.Build.0 = Release|Any CPU
		{158D5C9A-7964-6BF1-F8F0-ACBB804C107B}.Release|ARM64.ActiveCfg = Release|Any CPU
		{158D5C9A-7964-6BF1-F8F0-ACBB804C107B}.Release|ARM64.Build.0 = Release|Any CPU
		{158D5C9A-7964-6BF1-F8F0-ACBB804C107B}.Release|x64.ActiveCfg = Release|Any CPU
		{158D5C9A-7964-6BF1-F8F0-ACBB804C107B}.Release|x64.Build.0 = Release|Any CPU
		{158D5C9A-7964-6BF1-F8F0-ACBB804C107B}.Release|x86.ActiveCfg = Release|Any CPU
		{158D5C9A-7964-6BF1-F8F0-ACBB804C107B}.Release|x86.Build.0 = Release|Any CPU
		{220F4306-DCB6-B45C-7F78-0BFA9979D794}.Debug|Any CPU.ActiveCfg = Debug|Any CPU
		{220F4306-DCB6-B45C-7F78-0BFA9979D794}.Debug|Any CPU.Build.0 = Debug|Any CPU
		{220F4306-DCB6-B45C-7F78-0BFA9979D794}.Debug|ARM64.ActiveCfg = Debug|Any CPU
		{220F4306-DCB6-B45C-7F78-0BFA9979D794}.Debug|ARM64.Build.0 = Debug|Any CPU
		{220F4306-DCB6-B45C-7F78-0BFA9979D794}.Debug|x64.ActiveCfg = Debug|Any CPU
		{220F4306-DCB6-B45C-7F78-0BFA9979D794}.Debug|x64.Build.0 = Debug|Any CPU
		{220F4306-DCB6-B45C-7F78-0BFA9979D794}.Debug|x86.ActiveCfg = Debug|Any CPU
		{220F4306-DCB6-B45C-7F78-0BFA9979D794}.Debug|x86.Build.0 = Debug|Any CPU
		{220F4306-DCB6-B45C-7F78-0BFA9979D794}.Release|Any CPU.ActiveCfg = Release|Any CPU
		{220F4306-DCB6-B45C-7F78-0BFA9979D794}.Release|Any CPU.Build.0 = Release|Any CPU
		{220F4306-DCB6-B45C-7F78-0BFA9979D794}.Release|ARM64.ActiveCfg = Release|Any CPU
		{220F4306-DCB6-B45C-7F78-0BFA9979D794}.Release|ARM64.Build.0 = Release|Any CPU
		{220F4306-DCB6-B45C-7F78-0BFA9979D794}.Release|x64.ActiveCfg = Release|Any CPU
		{220F4306-DCB6-B45C-7F78-0BFA9979D794}.Release|x64.Build.0 = Release|Any CPU
		{220F4306-DCB6-B45C-7F78-0BFA9979D794}.Release|x86.ActiveCfg = Release|Any CPU
		{220F4306-DCB6-B45C-7F78-0BFA9979D794}.Release|x86.Build.0 = Release|Any CPU
		{6D72AB9D-499F-C7A8-81FA-AFC5BCAF6904}.Debug|Any CPU.ActiveCfg = Debug|Any CPU
		{6D72AB9D-499F-C7A8-81FA-AFC5BCAF6904}.Debug|Any CPU.Build.0 = Debug|Any CPU
		{6D72AB9D-499F-C7A8-81FA-AFC5BCAF6904}.Debug|ARM64.ActiveCfg = Debug|Any CPU
		{6D72AB9D-499F-C7A8-81FA-AFC5BCAF6904}.Debug|ARM64.Build.0 = Debug|Any CPU
		{6D72AB9D-499F-C7A8-81FA-AFC5BCAF6904}.Debug|x64.ActiveCfg = Debug|Any CPU
		{6D72AB9D-499F-C7A8-81FA-AFC5BCAF6904}.Debug|x64.Build.0 = Debug|Any CPU
		{6D72AB9D-499F-C7A8-81FA-AFC5BCAF6904}.Debug|x86.ActiveCfg = Debug|Any CPU
		{6D72AB9D-499F-C7A8-81FA-AFC5BCAF6904}.Debug|x86.Build.0 = Debug|Any CPU
		{6D72AB9D-499F-C7A8-81FA-AFC5BCAF6904}.Release|Any CPU.ActiveCfg = Release|Any CPU
		{6D72AB9D-499F-C7A8-81FA-AFC5BCAF6904}.Release|Any CPU.Build.0 = Release|Any CPU
		{6D72AB9D-499F-C7A8-81FA-AFC5BCAF6904}.Release|ARM64.ActiveCfg = Release|Any CPU
		{6D72AB9D-499F-C7A8-81FA-AFC5BCAF6904}.Release|ARM64.Build.0 = Release|Any CPU
		{6D72AB9D-499F-C7A8-81FA-AFC5BCAF6904}.Release|x64.ActiveCfg = Release|Any CPU
		{6D72AB9D-499F-C7A8-81FA-AFC5BCAF6904}.Release|x64.Build.0 = Release|Any CPU
		{6D72AB9D-499F-C7A8-81FA-AFC5BCAF6904}.Release|x86.ActiveCfg = Release|Any CPU
		{6D72AB9D-499F-C7A8-81FA-AFC5BCAF6904}.Release|x86.Build.0 = Release|Any CPU
		{4627F53C-0339-72B6-21B8-BFF50962AA4B}.Debug|Any CPU.ActiveCfg = Debug|Any CPU
		{4627F53C-0339-72B6-21B8-BFF50962AA4B}.Debug|Any CPU.Build.0 = Debug|Any CPU
		{4627F53C-0339-72B6-21B8-BFF50962AA4B}.Debug|ARM64.ActiveCfg = Debug|Any CPU
		{4627F53C-0339-72B6-21B8-BFF50962AA4B}.Debug|ARM64.Build.0 = Debug|Any CPU
		{4627F53C-0339-72B6-21B8-BFF50962AA4B}.Debug|x64.ActiveCfg = Debug|Any CPU
		{4627F53C-0339-72B6-21B8-BFF50962AA4B}.Debug|x64.Build.0 = Debug|Any CPU
		{4627F53C-0339-72B6-21B8-BFF50962AA4B}.Debug|x86.ActiveCfg = Debug|Any CPU
		{4627F53C-0339-72B6-21B8-BFF50962AA4B}.Debug|x86.Build.0 = Debug|Any CPU
		{4627F53C-0339-72B6-21B8-BFF50962AA4B}.Release|Any CPU.ActiveCfg = Release|Any CPU
		{4627F53C-0339-72B6-21B8-BFF50962AA4B}.Release|Any CPU.Build.0 = Release|Any CPU
		{4627F53C-0339-72B6-21B8-BFF50962AA4B}.Release|ARM64.ActiveCfg = Release|Any CPU
		{4627F53C-0339-72B6-21B8-BFF50962AA4B}.Release|ARM64.Build.0 = Release|Any CPU
		{4627F53C-0339-72B6-21B8-BFF50962AA4B}.Release|x64.ActiveCfg = Release|Any CPU
		{4627F53C-0339-72B6-21B8-BFF50962AA4B}.Release|x64.Build.0 = Release|Any CPU
		{4627F53C-0339-72B6-21B8-BFF50962AA4B}.Release|x86.ActiveCfg = Release|Any CPU
		{4627F53C-0339-72B6-21B8-BFF50962AA4B}.Release|x86.Build.0 = Release|Any CPU
		{AF6B3A07-8DF8-45C7-B841-DC04AE83A836}.Debug|Any CPU.ActiveCfg = Debug|x64
		{AF6B3A07-8DF8-45C7-B841-DC04AE83A836}.Debug|Any CPU.Build.0 = Debug|x64
		{AF6B3A07-8DF8-45C7-B841-DC04AE83A836}.Debug|Any CPU.Deploy.0 = Debug|x64
		{AF6B3A07-8DF8-45C7-B841-DC04AE83A836}.Debug|ARM64.ActiveCfg = Debug|ARM64
		{AF6B3A07-8DF8-45C7-B841-DC04AE83A836}.Debug|ARM64.Build.0 = Debug|ARM64
		{AF6B3A07-8DF8-45C7-B841-DC04AE83A836}.Debug|ARM64.Deploy.0 = Debug|ARM64
		{AF6B3A07-8DF8-45C7-B841-DC04AE83A836}.Debug|x64.ActiveCfg = Debug|x64
		{AF6B3A07-8DF8-45C7-B841-DC04AE83A836}.Debug|x64.Build.0 = Debug|x64
		{AF6B3A07-8DF8-45C7-B841-DC04AE83A836}.Debug|x64.Deploy.0 = Debug|x64
		{AF6B3A07-8DF8-45C7-B841-DC04AE83A836}.Debug|x86.ActiveCfg = Debug|x86
		{AF6B3A07-8DF8-45C7-B841-DC04AE83A836}.Debug|x86.Build.0 = Debug|x86
		{AF6B3A07-8DF8-45C7-B841-DC04AE83A836}.Debug|x86.Deploy.0 = Debug|x86
		{AF6B3A07-8DF8-45C7-B841-DC04AE83A836}.Release|Any CPU.ActiveCfg = Release|x64
		{AF6B3A07-8DF8-45C7-B841-DC04AE83A836}.Release|Any CPU.Build.0 = Release|x64
		{AF6B3A07-8DF8-45C7-B841-DC04AE83A836}.Release|Any CPU.Deploy.0 = Release|x64
		{AF6B3A07-8DF8-45C7-B841-DC04AE83A836}.Release|ARM64.ActiveCfg = Release|ARM64
		{AF6B3A07-8DF8-45C7-B841-DC04AE83A836}.Release|ARM64.Build.0 = Release|ARM64
		{AF6B3A07-8DF8-45C7-B841-DC04AE83A836}.Release|ARM64.Deploy.0 = Release|ARM64
		{AF6B3A07-8DF8-45C7-B841-DC04AE83A836}.Release|x64.ActiveCfg = Release|x64
		{AF6B3A07-8DF8-45C7-B841-DC04AE83A836}.Release|x64.Build.0 = Release|x64
		{AF6B3A07-8DF8-45C7-B841-DC04AE83A836}.Release|x64.Deploy.0 = Release|x64
		{AF6B3A07-8DF8-45C7-B841-DC04AE83A836}.Release|x86.ActiveCfg = Release|x86
		{AF6B3A07-8DF8-45C7-B841-DC04AE83A836}.Release|x86.Build.0 = Release|x86
		{AF6B3A07-8DF8-45C7-B841-DC04AE83A836}.Release|x86.Deploy.0 = Release|x86
		{7A093BB6-C7BE-442F-B544-CC88AE80A9DA}.Debug|Any CPU.ActiveCfg = Debug|Any CPU
		{7A093BB6-C7BE-442F-B544-CC88AE80A9DA}.Debug|Any CPU.Build.0 = Debug|Any CPU
		{7A093BB6-C7BE-442F-B544-CC88AE80A9DA}.Debug|ARM64.ActiveCfg = Debug|Any CPU
		{7A093BB6-C7BE-442F-B544-CC88AE80A9DA}.Debug|ARM64.Build.0 = Debug|Any CPU
		{7A093BB6-C7BE-442F-B544-CC88AE80A9DA}.Debug|x64.ActiveCfg = Debug|Any CPU
		{7A093BB6-C7BE-442F-B544-CC88AE80A9DA}.Debug|x64.Build.0 = Debug|Any CPU
		{7A093BB6-C7BE-442F-B544-CC88AE80A9DA}.Debug|x86.ActiveCfg = Debug|Any CPU
		{7A093BB6-C7BE-442F-B544-CC88AE80A9DA}.Debug|x86.Build.0 = Debug|Any CPU
		{7A093BB6-C7BE-442F-B544-CC88AE80A9DA}.Release|Any CPU.ActiveCfg = Release|Any CPU
		{7A093BB6-C7BE-442F-B544-CC88AE80A9DA}.Release|Any CPU.Build.0 = Release|Any CPU
		{7A093BB6-C7BE-442F-B544-CC88AE80A9DA}.Release|ARM64.ActiveCfg = Release|Any CPU
		{7A093BB6-C7BE-442F-B544-CC88AE80A9DA}.Release|ARM64.Build.0 = Release|Any CPU
		{7A093BB6-C7BE-442F-B544-CC88AE80A9DA}.Release|x64.ActiveCfg = Release|Any CPU
		{7A093BB6-C7BE-442F-B544-CC88AE80A9DA}.Release|x64.Build.0 = Release|Any CPU
		{7A093BB6-C7BE-442F-B544-CC88AE80A9DA}.Release|x86.ActiveCfg = Release|Any CPU
		{7A093BB6-C7BE-442F-B544-CC88AE80A9DA}.Release|x86.Build.0 = Release|Any CPU
		{8730D3FC-A7C3-4C1B-953E-445A52BB15C2}.Debug|Any CPU.ActiveCfg = Debug|Any CPU
		{8730D3FC-A7C3-4C1B-953E-445A52BB15C2}.Debug|Any CPU.Build.0 = Debug|Any CPU
		{8730D3FC-A7C3-4C1B-953E-445A52BB15C2}.Debug|ARM64.ActiveCfg = Debug|Any CPU
		{8730D3FC-A7C3-4C1B-953E-445A52BB15C2}.Debug|ARM64.Build.0 = Debug|Any CPU
		{8730D3FC-A7C3-4C1B-953E-445A52BB15C2}.Debug|x64.ActiveCfg = Debug|Any CPU
		{8730D3FC-A7C3-4C1B-953E-445A52BB15C2}.Debug|x64.Build.0 = Debug|Any CPU
		{8730D3FC-A7C3-4C1B-953E-445A52BB15C2}.Debug|x86.ActiveCfg = Debug|Any CPU
		{8730D3FC-A7C3-4C1B-953E-445A52BB15C2}.Debug|x86.Build.0 = Debug|Any CPU
		{8730D3FC-A7C3-4C1B-953E-445A52BB15C2}.Release|Any CPU.ActiveCfg = Release|Any CPU
		{8730D3FC-A7C3-4C1B-953E-445A52BB15C2}.Release|Any CPU.Build.0 = Release|Any CPU
		{8730D3FC-A7C3-4C1B-953E-445A52BB15C2}.Release|ARM64.ActiveCfg = Release|Any CPU
		{8730D3FC-A7C3-4C1B-953E-445A52BB15C2}.Release|ARM64.Build.0 = Release|Any CPU
		{8730D3FC-A7C3-4C1B-953E-445A52BB15C2}.Release|x64.ActiveCfg = Release|Any CPU
		{8730D3FC-A7C3-4C1B-953E-445A52BB15C2}.Release|x64.Build.0 = Release|Any CPU
		{8730D3FC-A7C3-4C1B-953E-445A52BB15C2}.Release|x86.ActiveCfg = Release|Any CPU
		{8730D3FC-A7C3-4C1B-953E-445A52BB15C2}.Release|x86.Build.0 = Release|Any CPU
		{3E7BCF0D-BE85-4104-B8DA-956007D78E60}.Debug|Any CPU.ActiveCfg = Debug|Any CPU
		{3E7BCF0D-BE85-4104-B8DA-956007D78E60}.Debug|Any CPU.Build.0 = Debug|Any CPU
		{3E7BCF0D-BE85-4104-B8DA-956007D78E60}.Debug|ARM64.ActiveCfg = Debug|Any CPU
		{3E7BCF0D-BE85-4104-B8DA-956007D78E60}.Debug|ARM64.Build.0 = Debug|Any CPU
		{3E7BCF0D-BE85-4104-B8DA-956007D78E60}.Debug|x64.ActiveCfg = Debug|Any CPU
		{3E7BCF0D-BE85-4104-B8DA-956007D78E60}.Debug|x64.Build.0 = Debug|Any CPU
		{3E7BCF0D-BE85-4104-B8DA-956007D78E60}.Debug|x86.ActiveCfg = Debug|Any CPU
		{3E7BCF0D-BE85-4104-B8DA-956007D78E60}.Debug|x86.Build.0 = Debug|Any CPU
		{3E7BCF0D-BE85-4104-B8DA-956007D78E60}.Release|Any CPU.ActiveCfg = Release|Any CPU
		{3E7BCF0D-BE85-4104-B8DA-956007D78E60}.Release|Any CPU.Build.0 = Release|Any CPU
		{3E7BCF0D-BE85-4104-B8DA-956007D78E60}.Release|ARM64.ActiveCfg = Release|Any CPU
		{3E7BCF0D-BE85-4104-B8DA-956007D78E60}.Release|ARM64.Build.0 = Release|Any CPU
		{3E7BCF0D-BE85-4104-B8DA-956007D78E60}.Release|x64.ActiveCfg = Release|Any CPU
		{3E7BCF0D-BE85-4104-B8DA-956007D78E60}.Release|x64.Build.0 = Release|Any CPU
		{3E7BCF0D-BE85-4104-B8DA-956007D78E60}.Release|x86.ActiveCfg = Release|Any CPU
		{3E7BCF0D-BE85-4104-B8DA-956007D78E60}.Release|x86.Build.0 = Release|Any CPU
	EndGlobalSection
	GlobalSection(SolutionProperties) = preSolution
		HideSolutionNode = FALSE
	EndGlobalSection
	GlobalSection(NestedProjects) = preSolution
		{D161B5D6-2B2E-FC9E-6815-B592F8F403F2} = {02EA681E-C7D8-13C7-8484-4AC65E1B71E8}
		{E64DB6B6-B532-28CA-802B-E62418FD0891} = {120E678E-8209-4439-AFD8-C0487A471F58}
		{54C9AFD2-1FE3-4D1F-B2EF-212AF2A90F36} = {120E678E-8209-4439-AFD8-C0487A471F58}
		{AF665DBA-A076-4D9C-88BA-45F9A1D453D6} = {120E678E-8209-4439-AFD8-C0487A471F58}
		{D627272D-7BC6-47A9-98BF-0469D9E0108D} = {10D3CBB6-E5C6-4EF6-A1D4-4FAA8616DDED}
		{8CA0E805-165A-42DF-9E83-38C73852C2EE} = {10D3CBB6-E5C6-4EF6-A1D4-4FAA8616DDED}
		{3DCC8505-CBB3-44C7-B795-C92A50E56A0C} = {10D3CBB6-E5C6-4EF6-A1D4-4FAA8616DDED}
		{8C949AD0-6A1B-40E4-B62D-322041DA394F} = {02EA681E-C7D8-13C7-8484-4AC65E1B71E8}
		{10D3CBB6-E5C6-4EF6-A1D4-4FAA8616DDED} = {E66A6BC7-F8E2-461F-8BE0-D35A7479B3BC}
		{120E678E-8209-4439-AFD8-C0487A471F58} = {E66A6BC7-F8E2-461F-8BE0-D35A7479B3BC}
		{9B764FD0-5A24-0E17-E2FF-58D56D0EA1D7} = {120E678E-8209-4439-AFD8-C0487A471F58}
		{6984BA33-39AB-4204-AFD4-41923F4DC6F6} = {10D3CBB6-E5C6-4EF6-A1D4-4FAA8616DDED}
		{C6F0A511-43E3-421B-8A75-4D37F8BB11D1} = {1D597599-C810-4146-94E4-D98072031C0A}
		{04C42E5E-4F59-4830-8768-5102ED65DD35} = {C6F0A511-43E3-421B-8A75-4D37F8BB11D1}
		{8BD27D4E-FB99-419D-89C4-FC7CBEA81BDB} = {04C42E5E-4F59-4830-8768-5102ED65DD35}
		{BFD78919-50E9-4398-ACE6-A6F33245E151} = {04C42E5E-4F59-4830-8768-5102ED65DD35}
		{67856DBD-6F7D-132C-C9B6-C6AE7B384850} = {BFD78919-50E9-4398-ACE6-A6F33245E151}
		{7F27088F-73E1-D199-1AE0-A830631BD934} = {8BD27D4E-FB99-419D-89C4-FC7CBEA81BDB}
		{9E1081DD-F1EE-41AB-912B-088DA658739C} = {1D597599-C810-4146-94E4-D98072031C0A}
		{D1E2FD5B-8282-4555-BC11-703D5C6BF15D} = {9E1081DD-F1EE-41AB-912B-088DA658739C}
		{FB156758-A322-485E-A6D0-D7C925432DE9} = {9E1081DD-F1EE-41AB-912B-088DA658739C}
		{F40C38C9-2550-4105-8502-D17D27C5DE57} = {D1E2FD5B-8282-4555-BC11-703D5C6BF15D}
		{FCB8B5EA-5526-4B07-9ADD-9BA49064DF21} = {D1E2FD5B-8282-4555-BC11-703D5C6BF15D}
		{896D2CD1-ED0D-4C8F-A135-66F733E01D65} = {FB156758-A322-485E-A6D0-D7C925432DE9}
		{613CA0C7-4C67-4D2F-B0BE-5D1EB3B09945} = {FB156758-A322-485E-A6D0-D7C925432DE9}
		{C15CB9D1-42E3-2982-2FF7-31C5CB3A923E} = {FCB8B5EA-5526-4B07-9ADD-9BA49064DF21}
		{F425D262-A600-65CB-4F78-D5DF58882E9C} = {F40C38C9-2550-4105-8502-D17D27C5DE57}
		{01CDDF13-A89A-4997-BA30-5BCFB54C1C40} = {1D597599-C810-4146-94E4-D98072031C0A}
		{DC859CF4-C0A1-43D0-A06E-6CA08D7A2611} = {1D597599-C810-4146-94E4-D98072031C0A}
		{4A8C7C14-881D-4024-92A5-814429878393} = {1D597599-C810-4146-94E4-D98072031C0A}
		{73C2C4E1-D33C-491C-ACB5-CE51E48BDDC1} = {1D597599-C810-4146-94E4-D98072031C0A}
		{CB011E80-0F96-4EBE-8872-1C7903FBBF72} = {1D597599-C810-4146-94E4-D98072031C0A}
		{4C513300-A15F-49CE-B501-4A6F1D564BE8} = {4A8C7C14-881D-4024-92A5-814429878393}
		{2E03DFB6-2EB4-43C0-B6B3-B7B45DFAF7BC} = {4C513300-A15F-49CE-B501-4A6F1D564BE8}
		{0CBFE543-336C-4185-8186-8708A8104540} = {4C513300-A15F-49CE-B501-4A6F1D564BE8}
		{911A3A15-2EF7-4E6C-A200-ADB8A69911FC} = {DC859CF4-C0A1-43D0-A06E-6CA08D7A2611}
		{42D7B7C3-73CE-430D-A99F-99FB6203558E} = {CB011E80-0F96-4EBE-8872-1C7903FBBF72}
		{AFBBB646-8F48-4442-A818-FF2EAD611B05} = {73C2C4E1-D33C-491C-ACB5-CE51E48BDDC1}
		{A73D730B-2CFB-B91D-5B95-30A5A2A744FE} = {0CBFE543-336C-4185-8186-8708A8104540}
		{4D999EE8-99A6-8815-F574-321EC55DEB16} = {2E03DFB6-2EB4-43C0-B6B3-B7B45DFAF7BC}
		{3D59A544-227F-4309-A0ED-208076D73475} = {911A3A15-2EF7-4E6C-A200-ADB8A69911FC}
		{62630EF4-3BED-428F-882B-DF331EECC5DF} = {911A3A15-2EF7-4E6C-A200-ADB8A69911FC}
		{8476C36E-564C-7F0D-C7D2-9C5EEAF5B34B} = {62630EF4-3BED-428F-882B-DF331EECC5DF}
		{DA1F59C5-A240-0BC3-0717-659361306035} = {3D59A544-227F-4309-A0ED-208076D73475}
		{7478ADFE-6AB0-836A-EC37-CA9508005E76} = {D1D85B16-8F9A-425D-A3F3-6D379D10AFC8}
		{E41282F8-6197-4C37-898A-C36CE12BBE9C} = {42D7B7C3-73CE-430D-A99F-99FB6203558E}
		{D1D85B16-8F9A-425D-A3F3-6D379D10AFC8} = {42D7B7C3-73CE-430D-A99F-99FB6203558E}
		{158D5C9A-7964-6BF1-F8F0-ACBB804C107B} = {E41282F8-6197-4C37-898A-C36CE12BBE9C}
		{FBE133CD-8D3A-4DF9-91A5-63D6678F33A9} = {AFBBB646-8F48-4442-A818-FF2EAD611B05}
		{BC3CA920-1BD9-4BDC-90B2-08DB16EBF438} = {AFBBB646-8F48-4442-A818-FF2EAD611B05}
		{220F4306-DCB6-B45C-7F78-0BFA9979D794} = {BC3CA920-1BD9-4BDC-90B2-08DB16EBF438}
		{6D72AB9D-499F-C7A8-81FA-AFC5BCAF6904} = {FBE133CD-8D3A-4DF9-91A5-63D6678F33A9}
		{7116C66B-D636-4EBA-BCB4-895ABD0B7FE9} = {01CDDF13-A89A-4997-BA30-5BCFB54C1C40}
		{4627F53C-0339-72B6-21B8-BFF50962AA4B} = {896D2CD1-ED0D-4C8F-A135-66F733E01D65}
		{AF6B3A07-8DF8-45C7-B841-DC04AE83A836} = {613CA0C7-4C67-4D2F-B0BE-5D1EB3B09945}
		{F30703B5-3B27-43BB-89C2-963E526180F8} = {C6F0A511-43E3-421B-8A75-4D37F8BB11D1}
		{7A093BB6-C7BE-442F-B544-CC88AE80A9DA} = {F30703B5-3B27-43BB-89C2-963E526180F8}
		{8730D3FC-A7C3-4C1B-953E-445A52BB15C2} = {24903E48-6060-436D-9983-FD616AA5524D}
		{BEC91136-F07C-46EE-8780-3B59EAC5921F} = {DC859CF4-C0A1-43D0-A06E-6CA08D7A2611}
		{3E7BCF0D-BE85-4104-B8DA-956007D78E60} = {BEC91136-F07C-46EE-8780-3B59EAC5921F}
	EndGlobalSection
	GlobalSection(ExtensibilityGlobals) = postSolution
		SolutionGuid = {BB798447-5A6A-4215-84F8-A0A86077D0EC}
	EndGlobalSection
EndGlobal
