
Microsoft Visual Studio Solution File, Format Version 12.00
# Visual Studio Version 17
VisualStudioVersion = 17.14.36202.13
MinimumVisualStudioVersion = 10.0.40219.1
Project("{2150E333-8FDC-42A3-9474-1A3956D46DE8}") = "Core", "Core", "{02EA681E-C7D8-13C7-8484-4AC65E1B71E8}"
EndProject
Project("{2150E333-8FDC-42A3-9474-1A3956D46DE8}") = "Products", "Products", "{E66A6BC7-F8E2-461F-8BE0-D35A7479B3BC}"
EndProject
Project("{FAE04EC0-301F-11D3-BF4B-00C04F79EFBC}") = "VeloxDev.Core", "VeloxDev.Core\VeloxDev.Core.csproj", "{D161B5D6-2B2E-FC9E-6815-B592F8F403F2}"
EndProject
Project("{FAE04EC0-301F-11D3-BF4B-00C04F79EFBC}") = "VeloxDev.WPF", "VeloxDev.WPF\VeloxDev.WPF.csproj", "{E64DB6B6-B532-28CA-802B-E62418FD0891}"
EndProject
Project("{FAE04EC0-301F-11D3-BF4B-00C04F79EFBC}") = "VeloxDev.Avalonia", "VeloxDev.Avalonia\VeloxDev.Avalonia.csproj", "{54C9AFD2-1FE3-4D1F-B2EF-212AF2A90F36}"
EndProject
Project("{FAE04EC0-301F-11D3-BF4B-00C04F79EFBC}") = "VeloxDev.MAUI", "VeloxDev.MAUI\VeloxDev.MAUI.csproj", "{AF665DBA-A076-4D9C-88BA-45F9A1D453D6}"
EndProject
Project("{2150E333-8FDC-42A3-9474-1A3956D46DE8}") = "Generators", "Generators", "{29EB0CAC-33BD-4814-8658-49C0909752D8}"
EndProject
Project("{FAE04EC0-301F-11D3-BF4B-00C04F79EFBC}") = "VeloxDev.WPF.Generator", "VeloxDev.WPF.Generator\VeloxDev.WPF.Generator.csproj", "{D627272D-7BC6-47A9-98BF-0469D9E0108D}"
EndProject
Project("{FAE04EC0-301F-11D3-BF4B-00C04F79EFBC}") = "VeloxDev.MAUI.Generator", "VeloxDev.MAUI.Generator\VeloxDev.MAUI.Generator.csproj", "{8CA0E805-165A-42DF-9E83-38C73852C2EE}"
EndProject
Project("{FAE04EC0-301F-11D3-BF4B-00C04F79EFBC}") = "VeloxDev.Avalonia.Generator", "VeloxDev.Avalonia.Generator\VeloxDev.Avalonia.Generator.csproj", "{3DCC8505-CBB3-44C7-B795-C92A50E56A0C}"
EndProject
Project("{FAE04EC0-301F-11D3-BF4B-00C04F79EFBC}") = "VeloxDev.Core.Generator", "VeloxDev.Core.Generator\VeloxDev.Core.Generator.csproj", "{8C949AD0-6A1B-40E4-B62D-322041DA394F}"
EndProject
Project("{2150E333-8FDC-42A3-9474-1A3956D46DE8}") = "Test", "Test", "{5F06697D-9688-479D-BB54-F1B0BD4F9EAB}"
EndProject
Project("{FAE04EC0-301F-11D3-BF4B-00C04F79EFBC}") = "WpfApp1", "Test\WPF\WpfApp1\WpfApp1.csproj", "{B4C41941-BCA0-43B2-81EE-F56A74EAAD14}"
EndProject
Project("{FAE04EC0-301F-11D3-BF4B-00C04F79EFBC}") = "AvaloniaApplication1", "Test\Avalonia\AvaloniaApplication1\AvaloniaApplication1.csproj", "{74878CF3-8D7D-29A5-3303-49DF967D1929}"
EndProject
Project("{FAE04EC0-301F-11D3-BF4B-00C04F79EFBC}") = "AvaloniaApplication1.Android", "Test\Avalonia\AvaloniaApplication1.Android\AvaloniaApplication1.Android.csproj", "{2791722E-0674-511B-A002-AB8BCCE111B4}"
EndProject
Project("{FAE04EC0-301F-11D3-BF4B-00C04F79EFBC}") = "AvaloniaApplication1.Browser", "Test\Avalonia\AvaloniaApplication1.Browser\AvaloniaApplication1.Browser.csproj", "{925DD08E-8867-2F83-5090-2631F9FDF24C}"
EndProject
Project("{FAE04EC0-301F-11D3-BF4B-00C04F79EFBC}") = "AvaloniaApplication1.Desktop", "Test\Avalonia\AvaloniaApplication1.Desktop\AvaloniaApplication1.Desktop.csproj", "{81FB7B3F-D199-7968-B889-E474E0670695}"
EndProject
Project("{FAE04EC0-301F-11D3-BF4B-00C04F79EFBC}") = "AvaloniaApplication1.iOS", "Test\Avalonia\AvaloniaApplication1.iOS\AvaloniaApplication1.iOS.csproj", "{2BB3BAB5-C24B-775F-C19A-AA9C7D87C02A}"
EndProject
Project("{FAE04EC0-301F-11D3-BF4B-00C04F79EFBC}") = "MauiApp1", "Test\MAUI\MauiApp1\MauiApp1.csproj", "{85AE6067-7ED4-4C40-B32C-CF3D35499F70}"
EndProject
Project("{FAE04EC0-301F-11D3-BF4B-00C04F79EFBC}") = "WpfApp2", "Test\WpfApp2\WpfApp2.csproj", "{647D2EC8-F414-4D0F-A172-35F35C66BDE1}"
EndProject
Global
	GlobalSection(SolutionConfigurationPlatforms) = preSolution
		Debug|Any CPU = Debug|Any CPU
		Release|Any CPU = Release|Any CPU
	EndGlobalSection
	GlobalSection(ProjectConfigurationPlatforms) = postSolution
		{D161B5D6-2B2E-FC9E-6815-B592F8F403F2}.Debug|Any CPU.ActiveCfg = Debug|Any CPU
		{D161B5D6-2B2E-FC9E-6815-B592F8F403F2}.Debug|Any CPU.Build.0 = Debug|Any CPU
		{D161B5D6-2B2E-FC9E-6815-B592F8F403F2}.Release|Any CPU.ActiveCfg = Release|Any CPU
		{D161B5D6-2B2E-FC9E-6815-B592F8F403F2}.Release|Any CPU.Build.0 = Release|Any CPU
		{E64DB6B6-B532-28CA-802B-E62418FD0891}.Debug|Any CPU.ActiveCfg = Debug|Any CPU
		{E64DB6B6-B532-28CA-802B-E62418FD0891}.Debug|Any CPU.Build.0 = Debug|Any CPU
		{E64DB6B6-B532-28CA-802B-E62418FD0891}.Release|Any CPU.ActiveCfg = Release|Any CPU
		{E64DB6B6-B532-28CA-802B-E62418FD0891}.Release|Any CPU.Build.0 = Release|Any CPU
		{54C9AFD2-1FE3-4D1F-B2EF-212AF2A90F36}.Debug|Any CPU.ActiveCfg = Debug|Any CPU
		{54C9AFD2-1FE3-4D1F-B2EF-212AF2A90F36}.Debug|Any CPU.Build.0 = Debug|Any CPU
		{54C9AFD2-1FE3-4D1F-B2EF-212AF2A90F36}.Release|Any CPU.ActiveCfg = Release|Any CPU
		{54C9AFD2-1FE3-4D1F-B2EF-212AF2A90F36}.Release|Any CPU.Build.0 = Release|Any CPU
		{AF665DBA-A076-4D9C-88BA-45F9A1D453D6}.Debug|Any CPU.ActiveCfg = Debug|Any CPU
		{AF665DBA-A076-4D9C-88BA-45F9A1D453D6}.Debug|Any CPU.Build.0 = Debug|Any CPU
		{AF665DBA-A076-4D9C-88BA-45F9A1D453D6}.Release|Any CPU.ActiveCfg = Release|Any CPU
		{AF665DBA-A076-4D9C-88BA-45F9A1D453D6}.Release|Any CPU.Build.0 = Release|Any CPU
		{D627272D-7BC6-47A9-98BF-0469D9E0108D}.Debug|Any CPU.ActiveCfg = Debug|Any CPU
		{D627272D-7BC6-47A9-98BF-0469D9E0108D}.Debug|Any CPU.Build.0 = Debug|Any CPU
		{D627272D-7BC6-47A9-98BF-0469D9E0108D}.Release|Any CPU.ActiveCfg = Release|Any CPU
		{D627272D-7BC6-47A9-98BF-0469D9E0108D}.Release|Any CPU.Build.0 = Release|Any CPU
		{8CA0E805-165A-42DF-9E83-38C73852C2EE}.Debug|Any CPU.ActiveCfg = Debug|Any CPU
		{8CA0E805-165A-42DF-9E83-38C73852C2EE}.Debug|Any CPU.Build.0 = Debug|Any CPU
		{8CA0E805-165A-42DF-9E83-38C73852C2EE}.Release|Any CPU.ActiveCfg = Release|Any CPU
		{8CA0E805-165A-42DF-9E83-38C73852C2EE}.Release|Any CPU.Build.0 = Release|Any CPU
		{3DCC8505-CBB3-44C7-B795-C92A50E56A0C}.Debug|Any CPU.ActiveCfg = Debug|Any CPU
		{3DCC8505-CBB3-44C7-B795-C92A50E56A0C}.Debug|Any CPU.Build.0 = Debug|Any CPU
		{3DCC8505-CBB3-44C7-B795-C92A50E56A0C}.Release|Any CPU.ActiveCfg = Release|Any CPU
		{3DCC8505-CBB3-44C7-B795-C92A50E56A0C}.Release|Any CPU.Build.0 = Release|Any CPU
		{8C949AD0-6A1B-40E4-B62D-322041DA394F}.Debug|Any CPU.ActiveCfg = Debug|Any CPU
		{8C949AD0-6A1B-40E4-B62D-322041DA394F}.Debug|Any CPU.Build.0 = Debug|Any CPU
		{8C949AD0-6A1B-40E4-B62D-322041DA394F}.Release|Any CPU.ActiveCfg = Release|Any CPU
		{8C949AD0-6A1B-40E4-B62D-322041DA394F}.Release|Any CPU.Build.0 = Release|Any CPU
		{B4C41941-BCA0-43B2-81EE-F56A74EAAD14}.Debug|Any CPU.ActiveCfg = Debug|Any CPU
		{B4C41941-BCA0-43B2-81EE-F56A74EAAD14}.Debug|Any CPU.Build.0 = Debug|Any CPU
		{B4C41941-BCA0-43B2-81EE-F56A74EAAD14}.Release|Any CPU.ActiveCfg = Release|Any CPU
		{B4C41941-BCA0-43B2-81EE-F56A74EAAD14}.Release|Any CPU.Build.0 = Release|Any CPU
		{74878CF3-8D7D-29A5-3303-49DF967D1929}.Debug|Any CPU.ActiveCfg = Debug|Any CPU
		{74878CF3-8D7D-29A5-3303-49DF967D1929}.Debug|Any CPU.Build.0 = Debug|Any CPU
		{74878CF3-8D7D-29A5-3303-49DF967D1929}.Release|Any CPU.ActiveCfg = Release|Any CPU
		{74878CF3-8D7D-29A5-3303-49DF967D1929}.Release|Any CPU.Build.0 = Release|Any CPU
		{2791722E-0674-511B-A002-AB8BCCE111B4}.Debug|Any CPU.ActiveCfg = Debug|Any CPU
		{2791722E-0674-511B-A002-AB8BCCE111B4}.Debug|Any CPU.Build.0 = Debug|Any CPU
		{2791722E-0674-511B-A002-AB8BCCE111B4}.Debug|Any CPU.Deploy.0 = Debug|Any CPU
		{2791722E-0674-511B-A002-AB8BCCE111B4}.Release|Any CPU.ActiveCfg = Release|Any CPU
		{2791722E-0674-511B-A002-AB8BCCE111B4}.Release|Any CPU.Build.0 = Release|Any CPU
		{2791722E-0674-511B-A002-AB8BCCE111B4}.Release|Any CPU.Deploy.0 = Release|Any CPU
		{925DD08E-8867-2F83-5090-2631F9FDF24C}.Debug|Any CPU.ActiveCfg = Debug|Any CPU
		{925DD08E-8867-2F83-5090-2631F9FDF24C}.Debug|Any CPU.Build.0 = Debug|Any CPU
		{925DD08E-8867-2F83-5090-2631F9FDF24C}.Release|Any CPU.ActiveCfg = Release|Any CPU
		{925DD08E-8867-2F83-5090-2631F9FDF24C}.Release|Any CPU.Build.0 = Release|Any CPU
		{81FB7B3F-D199-7968-B889-E474E0670695}.Debug|Any CPU.ActiveCfg = Debug|Any CPU
		{81FB7B3F-D199-7968-B889-E474E0670695}.Debug|Any CPU.Build.0 = Debug|Any CPU
		{81FB7B3F-D199-7968-B889-E474E0670695}.Release|Any CPU.ActiveCfg = Release|Any CPU
		{81FB7B3F-D199-7968-B889-E474E0670695}.Release|Any CPU.Build.0 = Release|Any CPU
		{2BB3BAB5-C24B-775F-C19A-AA9C7D87C02A}.Debug|Any CPU.ActiveCfg = Debug|Any CPU
		{2BB3BAB5-C24B-775F-C19A-AA9C7D87C02A}.Debug|Any CPU.Build.0 = Debug|Any CPU
		{2BB3BAB5-C24B-775F-C19A-AA9C7D87C02A}.Debug|Any CPU.Deploy.0 = Debug|Any CPU
		{2BB3BAB5-C24B-775F-C19A-AA9C7D87C02A}.Release|Any CPU.ActiveCfg = Release|Any CPU
		{2BB3BAB5-C24B-775F-C19A-AA9C7D87C02A}.Release|Any CPU.Build.0 = Release|Any CPU
		{2BB3BAB5-C24B-775F-C19A-AA9C7D87C02A}.Release|Any CPU.Deploy.0 = Release|Any CPU
		{85AE6067-7ED4-4C40-B32C-CF3D35499F70}.Debug|Any CPU.ActiveCfg = Debug|Any CPU
		{85AE6067-7ED4-4C40-B32C-CF3D35499F70}.Debug|Any CPU.Build.0 = Debug|Any CPU
		{85AE6067-7ED4-4C40-B32C-CF3D35499F70}.Debug|Any CPU.Deploy.0 = Debug|Any CPU
		{85AE6067-7ED4-4C40-B32C-CF3D35499F70}.Release|Any CPU.ActiveCfg = Release|Any CPU
		{85AE6067-7ED4-4C40-B32C-CF3D35499F70}.Release|Any CPU.Build.0 = Release|Any CPU
		{85AE6067-7ED4-4C40-B32C-CF3D35499F70}.Release|Any CPU.Deploy.0 = Release|Any CPU
		{647D2EC8-F414-4D0F-A172-35F35C66BDE1}.Debug|Any CPU.ActiveCfg = Debug|Any CPU
		{647D2EC8-F414-4D0F-A172-35F35C66BDE1}.Debug|Any CPU.Build.0 = Debug|Any CPU
		{647D2EC8-F414-4D0F-A172-35F35C66BDE1}.Release|Any CPU.ActiveCfg = Release|Any CPU
		{647D2EC8-F414-4D0F-A172-35F35C66BDE1}.Release|Any CPU.Build.0 = Release|Any CPU
	EndGlobalSection
	GlobalSection(SolutionProperties) = preSolution
		HideSolutionNode = FALSE
	EndGlobalSection
	GlobalSection(NestedProjects) = preSolution
		{D161B5D6-2B2E-FC9E-6815-B592F8F403F2} = {02EA681E-C7D8-13C7-8484-4AC65E1B71E8}
		{E64DB6B6-B532-28CA-802B-E62418FD0891} = {E66A6BC7-F8E2-461F-8BE0-D35A7479B3BC}
		{54C9AFD2-1FE3-4D1F-B2EF-212AF2A90F36} = {E66A6BC7-F8E2-461F-8BE0-D35A7479B3BC}
		{AF665DBA-A076-4D9C-88BA-45F9A1D453D6} = {E66A6BC7-F8E2-461F-8BE0-D35A7479B3BC}
		{D627272D-7BC6-47A9-98BF-0469D9E0108D} = {29EB0CAC-33BD-4814-8658-49C0909752D8}
		{8CA0E805-165A-42DF-9E83-38C73852C2EE} = {29EB0CAC-33BD-4814-8658-49C0909752D8}
		{3DCC8505-CBB3-44C7-B795-C92A50E56A0C} = {29EB0CAC-33BD-4814-8658-49C0909752D8}
		{8C949AD0-6A1B-40E4-B62D-322041DA394F} = {02EA681E-C7D8-13C7-8484-4AC65E1B71E8}
		{B4C41941-BCA0-43B2-81EE-F56A74EAAD14} = {5F06697D-9688-479D-BB54-F1B0BD4F9EAB}
		{74878CF3-8D7D-29A5-3303-49DF967D1929} = {5F06697D-9688-479D-BB54-F1B0BD4F9EAB}
		{2791722E-0674-511B-A002-AB8BCCE111B4} = {5F06697D-9688-479D-BB54-F1B0BD4F9EAB}
		{925DD08E-8867-2F83-5090-2631F9FDF24C} = {5F06697D-9688-479D-BB54-F1B0BD4F9EAB}
		{81FB7B3F-D199-7968-B889-E474E0670695} = {5F06697D-9688-479D-BB54-F1B0BD4F9EAB}
		{2BB3BAB5-C24B-775F-C19A-AA9C7D87C02A} = {5F06697D-9688-479D-BB54-F1B0BD4F9EAB}
		{85AE6067-7ED4-4C40-B32C-CF3D35499F70} = {5F06697D-9688-479D-BB54-F1B0BD4F9EAB}
		{647D2EC8-F414-4D0F-A172-35F35C66BDE1} = {5F06697D-9688-479D-BB54-F1B0BD4F9EAB}
	EndGlobalSection
	GlobalSection(ExtensibilityGlobals) = postSolution
		SolutionGuid = {BB798447-5A6A-4215-84F8-A0A86077D0EC}
	EndGlobalSection
EndGlobal
